// !$*UTF8*$!
{
	archiveVersion = 1;
	classes = {
	};
	objectVersion = 77;
	objects = {

/* Begin PBXBuildFile section */
		0255518187AAF67045A1E397 /* ServicesConfigView.swift in Sources */ = {isa = PBXBuildFile; fileRef = 96305C33FEFC382F3403938A /* ServicesConfigView.swift */; };
		025B6A0E7AE6D1AD095F2436 /* HelperProtocol.swift in Sources */ = {isa = PBXBuildFile; fileRef = C2B86811409CA8AC5FE242B9 /* HelperProtocol.swift */; };
		05D2915D5FA01A7CF66E8DF3 /* RuleTestView.swift in Sources */ = {isa = PBXBuildFile; fileRef = EB0BC22D00B8DF7A0F201B5E /* RuleTestView.swift */; };
		0B6B497093E5A0C9819B0E9A /* WakeObserver.swift in Sources */ = {isa = PBXBuildFile; fileRef = 167EFFD13A60A868D1FABC99 /* WakeObserver.swift */; };
		0D00DCB833E7B0E79F0D5CAA /* HelperManager.swift in Sources */ = {isa = PBXBuildFile; fileRef = 8F3AAAF0B5C1D4F9ABA10C3B /* HelperManager.swift */; };
		0D10454861463E5EEB9DE78A /* ConnectionModels.swift in Sources */ = {isa = PBXBuildFile; fileRef = 75C6C8DA5E09684647EA1B8F /* ConnectionModels.swift */; };
		1B2E597D5AE730484942B423 /* LogEntry.swift in Sources */ = {isa = PBXBuildFile; fileRef = 18B87438B0C89B2C88F9B0D5 /* LogEntry.swift */; };
		1E2427A7F9419BC567A20DFB /* Localizable.strings in Resources */ = {isa = PBXBuildFile; fileRef = CC8166B671B895FBCAA5ADBF /* Localizable.strings */; };
		33BF5225C7BA62C13F7D3804 /* main.swift in Sources */ = {isa = PBXBuildFile; fileRef = C92D36E087DFEB3FE6AC5111 /* main.swift */; };
		39EA029175CED929C253468B /* SettingsView.swift in Sources */ = {isa = PBXBuildFile; fileRef = 948AD47BE12ADB6ABA0B02F4 /* SettingsView.swift */; };
		411B3E0DBF4B1C99FE5923B5 /* Rule.swift in Sources */ = {isa = PBXBuildFile; fileRef = 223B0D94A0BDD5B469B1C6D3 /* Rule.swift */; };
		53B52F9D001AF0CB95F78C66 /* RingBuffer.swift in Sources */ = {isa = PBXBuildFile; fileRef = 9F9360A996360ED7484C86E3 /* RingBuffer.swift */; };
		60852C3CA026FF44D7AD200A /* ServiceConfigManager.swift in Sources */ = {isa = PBXBuildFile; fileRef = 84EE3620F4C56C3918C1C969 /* ServiceConfigManager.swift */; };
		6D00AD4A6A04326D33137ED0 /* MainView.swift in Sources */ = {isa = PBXBuildFile; fileRef = F1938ECE20FFDCBC5DA86303 /* MainView.swift */; };
		7491BE185917A2B7C49A4FDB /* RuleManager.swift in Sources */ = {isa = PBXBuildFile; fileRef = 9E5AAE6B4AD6073A521B5D4E /* RuleManager.swift */; };
		756B6D09C0FD568A95FC21FF /* SubscriptionManager.swift in Sources */ = {isa = PBXBuildFile; fileRef = 6156B3F16794AB2995DC2AE8 /* SubscriptionManager.swift */; };
		7A8B62CF433218E270AC8878 /* HelperProtocol.swift in Sources */ = {isa = PBXBuildFile; fileRef = C2B86811409CA8AC5FE242B9 /* HelperProtocol.swift */; };
		8189A52951925CA4152F7C88 /* Assets.xcassets in Resources */ = {isa = PBXBuildFile; fileRef = 5A786DA30C59DB926BE25E5A /* Assets.xcassets */; };
		8A47BB92E28FACF32C838A05 /* ClashAPITests.swift in Sources */ = {isa = PBXBuildFile; fileRef = C6FFD72F51F8022D51A9B97F /* ClashAPITests.swift */; };
		8CC9F2A705A8A9D8FAEA9926 /* MenuBarView.swift in Sources */ = {isa = PBXBuildFile; fileRef = 7D75DB00D57E74D03D75F000 /* MenuBarView.swift */; };
		A3072BC62B8FEB7F752979F1 /* AppState.swift in Sources */ = {isa = PBXBuildFile; fileRef = 14648562F958BE7DF9541A7F /* AppState.swift */; };
		A4833F03D896633115A6F126 /* BoxXApp.swift in Sources */ = {isa = PBXBuildFile; fileRef = 819D6CB6D0120EE89E9AFD9D /* BoxXApp.swift */; };
		A8E081B2AD059A3352B38643 /* ProxyModels.swift in Sources */ = {isa = PBXBuildFile; fileRef = DC8356E67918A3E954AF83EA /* ProxyModels.swift */; };
		AAD0AC2F8AF0311D9A05DD6F /* LogsView.swift in Sources */ = {isa = PBXBuildFile; fileRef = 3233A78B55590B6DFD58E74C /* LogsView.swift */; };
		ADE55A7DEDFBFCF4966F3DBD /* OverviewView.swift in Sources */ = {isa = PBXBuildFile; fileRef = 236316BA886FAF9975D7C310 /* OverviewView.swift */; };
		B8DDBD2425BD0A0C188D29F0 /* HelperProtocol.swift in Sources */ = {isa = PBXBuildFile; fileRef = C2B86811409CA8AC5FE242B9 /* HelperProtocol.swift */; };
		BA39303F0FBFFBAE241596A8 /* ProxiesView.swift in Sources */ = {isa = PBXBuildFile; fileRef = F5BD437B4F6F076959897C90 /* ProxiesView.swift */; };
		C28118A8B37F0BD909ABAF5D /* BoxXTests.swift in Sources */ = {isa = PBXBuildFile; fileRef = FD1E0C1D62CC61996C5615F5 /* BoxXTests.swift */; };
		C98DC03EB3377D52C59A0277 /* AddRuleSheet.swift in Sources */ = {isa = PBXBuildFile; fileRef = B338DCB7DE90B84AD9FC8007 /* AddRuleSheet.swift */; };
		CA555942B8B8494999381A5F /* RulesView.swift in Sources */ = {isa = PBXBuildFile; fileRef = D67DE93C42F2614F14BE4375 /* RulesView.swift */; };
		CA6DC01BBEC49CE5915F2F29 /* ClashAPI.swift in Sources */ = {isa = PBXBuildFile; fileRef = 33FF2D74D270C7533F9221B0 /* ClashAPI.swift */; };
		D6E71EB2B460AF350CA00140 /* ProxyModelsTests.swift in Sources */ = {isa = PBXBuildFile; fileRef = ED348366D4264B44087DB5E9 /* ProxyModelsTests.swift */; };
		D882C1834356CF10C703550F /* SingBoxManager.swift in Sources */ = {isa = PBXBuildFile; fileRef = 1C202DBB07E3609789CAD3C7 /* SingBoxManager.swift */; };
		DED450B7F9568D9FE1B70C96 /* SubscriptionsView.swift in Sources */ = {isa = PBXBuildFile; fileRef = 022E190D5DE58AE7AB373CA0 /* SubscriptionsView.swift */; };
		E6795C17D7CDED2E5E416334 /* ConfigGenerator.swift in Sources */ = {isa = PBXBuildFile; fileRef = 040E1FEFB36E4C33EED1A5C3 /* ConfigGenerator.swift */; };
		E90CA122DD57879F17A9FDA6 /* ClashWebSocket.swift in Sources */ = {isa = PBXBuildFile; fileRef = 4EA0BF8E5758326717E287B6 /* ClashWebSocket.swift */; };
		ED796EFF6EB83CE60430DA4E /* RingBufferTests.swift in Sources */ = {isa = PBXBuildFile; fileRef = 08B2E2745BD1FB6D6EC8B7F3 /* RingBufferTests.swift */; };
		F2796695A657AA73B939B202 /* ConnectionsView.swift in Sources */ = {isa = PBXBuildFile; fileRef = 8CAEE62A30EDCED844892451 /* ConnectionsView.swift */; };
/* End PBXBuildFile section */

/* Begin PBXContainerItemProxy section */
		CF8815211F5EFC9AF297825A /* PBXContainerItemProxy */ = {
			isa = PBXContainerItemProxy;
			containerPortal = 86708EBC0457A50D0A386ABA /* Project object */;
			proxyType = 1;
			remoteGlobalIDString = 9FA8BD2374274AA6538F04CF;
			remoteInfo = BoxX;
		};
		EEF22C11F5A1BECC12DE652A /* PBXContainerItemProxy */ = {
			isa = PBXContainerItemProxy;
			containerPortal = 86708EBC0457A50D0A386ABA /* Project object */;
			proxyType = 1;
			remoteGlobalIDString = 82F6E97450DBF35857747666;
			remoteInfo = BoxXHelper;
		};
/* End PBXContainerItemProxy section */

/* Begin PBXFileReference section */
		022E190D5DE58AE7AB373CA0 /* SubscriptionsView.swift */ = {isa = PBXFileReference; lastKnownFileType = sourcecode.swift; path = SubscriptionsView.swift; sourceTree = "<group>"; };
		040E1FEFB36E4C33EED1A5C3 /* ConfigGenerator.swift */ = {isa = PBXFileReference; lastKnownFileType = sourcecode.swift; path = ConfigGenerator.swift; sourceTree = "<group>"; };
		08B2E2745BD1FB6D6EC8B7F3 /* RingBufferTests.swift */ = {isa = PBXFileReference; lastKnownFileType = sourcecode.swift; path = RingBufferTests.swift; sourceTree = "<group>"; };
		0BD7F2BEBB0D0D08B6687582 /* en */ = {isa = PBXFileReference; lastKnownFileType = text.plist.strings; name = en; path = en.lproj/Localizable.strings; sourceTree = "<group>"; };
		14648562F958BE7DF9541A7F /* AppState.swift */ = {isa = PBXFileReference; lastKnownFileType = sourcecode.swift; path = AppState.swift; sourceTree = "<group>"; };
		167EFFD13A60A868D1FABC99 /* WakeObserver.swift */ = {isa = PBXFileReference; lastKnownFileType = sourcecode.swift; path = WakeObserver.swift; sourceTree = "<group>"; };
		18B87438B0C89B2C88F9B0D5 /* LogEntry.swift */ = {isa = PBXFileReference; lastKnownFileType = sourcecode.swift; path = LogEntry.swift; sourceTree = "<group>"; };
		1C202DBB07E3609789CAD3C7 /* SingBoxManager.swift */ = {isa = PBXFileReference; lastKnownFileType = sourcecode.swift; path = SingBoxManager.swift; sourceTree = "<group>"; };
		223B0D94A0BDD5B469B1C6D3 /* Rule.swift */ = {isa = PBXFileReference; lastKnownFileType = sourcecode.swift; path = Rule.swift; sourceTree = "<group>"; };
		236316BA886FAF9975D7C310 /* OverviewView.swift */ = {isa = PBXFileReference; lastKnownFileType = sourcecode.swift; path = OverviewView.swift; sourceTree = "<group>"; };
		28863DF4368C71D5FFF7A186 /* BoxXHelper */ = {isa = PBXFileReference; includeInIndex = 0; path = BoxXHelper; sourceTree = BUILT_PRODUCTS_DIR; };
		3233A78B55590B6DFD58E74C /* LogsView.swift */ = {isa = PBXFileReference; lastKnownFileType = sourcecode.swift; path = LogsView.swift; sourceTree = "<group>"; };
		33FF2D74D270C7533F9221B0 /* ClashAPI.swift */ = {isa = PBXFileReference; lastKnownFileType = sourcecode.swift; path = ClashAPI.swift; sourceTree = "<group>"; };
		359FAFDB5E064BD58048D440 /* Info.plist */ = {isa = PBXFileReference; lastKnownFileType = text.plist; path = Info.plist; sourceTree = "<group>"; };
		4EA0BF8E5758326717E287B6 /* ClashWebSocket.swift */ = {isa = PBXFileReference; lastKnownFileType = sourcecode.swift; path = ClashWebSocket.swift; sourceTree = "<group>"; };
		5402AF02BFFEE79DF3A8DE7B /* zh-Hans */ = {isa = PBXFileReference; lastKnownFileType = text.plist.strings; name = "zh-Hans"; path = "zh-Hans.lproj/Localizable.strings"; sourceTree = "<group>"; };
		5A786DA30C59DB926BE25E5A /* Assets.xcassets */ = {isa = PBXFileReference; lastKnownFileType = folder.assetcatalog; path = Assets.xcassets; sourceTree = "<group>"; };
		6156B3F16794AB2995DC2AE8 /* SubscriptionManager.swift */ = {isa = PBXFileReference; lastKnownFileType = sourcecode.swift; path = SubscriptionManager.swift; sourceTree = "<group>"; };
		75C6C8DA5E09684647EA1B8F /* ConnectionModels.swift */ = {isa = PBXFileReference; lastKnownFileType = sourcecode.swift; path = ConnectionModels.swift; sourceTree = "<group>"; };
		7D75DB00D57E74D03D75F000 /* MenuBarView.swift */ = {isa = PBXFileReference; lastKnownFileType = sourcecode.swift; path = MenuBarView.swift; sourceTree = "<group>"; };
		819D6CB6D0120EE89E9AFD9D /* BoxXApp.swift */ = {isa = PBXFileReference; lastKnownFileType = sourcecode.swift; path = BoxXApp.swift; sourceTree = "<group>"; };
		84EE3620F4C56C3918C1C969 /* ServiceConfigManager.swift */ = {isa = PBXFileReference; lastKnownFileType = sourcecode.swift; path = ServiceConfigManager.swift; sourceTree = "<group>"; };
		8CAEE62A30EDCED844892451 /* ConnectionsView.swift */ = {isa = PBXFileReference; lastKnownFileType = sourcecode.swift; path = ConnectionsView.swift; sourceTree = "<group>"; };
		8F3AAAF0B5C1D4F9ABA10C3B /* HelperManager.swift */ = {isa = PBXFileReference; lastKnownFileType = sourcecode.swift; path = HelperManager.swift; sourceTree = "<group>"; };
		948AD47BE12ADB6ABA0B02F4 /* SettingsView.swift */ = {isa = PBXFileReference; lastKnownFileType = sourcecode.swift; path = SettingsView.swift; sourceTree = "<group>"; };
		96305C33FEFC382F3403938A /* ServicesConfigView.swift */ = {isa = PBXFileReference; lastKnownFileType = sourcecode.swift; path = ServicesConfigView.swift; sourceTree = "<group>"; };
		9AB458E77F97DBFFAE29805E /* BoxX.app */ = {isa = PBXFileReference; explicitFileType = wrapper.application; includeInIndex = 0; path = BoxX.app; sourceTree = BUILT_PRODUCTS_DIR; };
		9E5AAE6B4AD6073A521B5D4E /* RuleManager.swift */ = {isa = PBXFileReference; lastKnownFileType = sourcecode.swift; path = RuleManager.swift; sourceTree = "<group>"; };
		9F9360A996360ED7484C86E3 /* RingBuffer.swift */ = {isa = PBXFileReference; lastKnownFileType = sourcecode.swift; path = RingBuffer.swift; sourceTree = "<group>"; };
		B1F605B3DA3C289944EC8E66 /* BoxXHelper.entitlements */ = {isa = PBXFileReference; lastKnownFileType = text.plist.entitlements; path = BoxXHelper.entitlements; sourceTree = "<group>"; };
		B338DCB7DE90B84AD9FC8007 /* AddRuleSheet.swift */ = {isa = PBXFileReference; lastKnownFileType = sourcecode.swift; path = AddRuleSheet.swift; sourceTree = "<group>"; };
		C2B86811409CA8AC5FE242B9 /* HelperProtocol.swift */ = {isa = PBXFileReference; lastKnownFileType = sourcecode.swift; path = HelperProtocol.swift; sourceTree = "<group>"; };
		C6FFD72F51F8022D51A9B97F /* ClashAPITests.swift */ = {isa = PBXFileReference; lastKnownFileType = sourcecode.swift; path = ClashAPITests.swift; sourceTree = "<group>"; };
		C92D36E087DFEB3FE6AC5111 /* main.swift */ = {isa = PBXFileReference; lastKnownFileType = sourcecode.swift; path = main.swift; sourceTree = "<group>"; };
		CD16CD3ADCFA348808284DC0 /* BoxXTests.xctest */ = {isa = PBXFileReference; explicitFileType = wrapper.cfbundle; includeInIndex = 0; path = BoxXTests.xctest; sourceTree = BUILT_PRODUCTS_DIR; };
		D67DE93C42F2614F14BE4375 /* RulesView.swift */ = {isa = PBXFileReference; lastKnownFileType = sourcecode.swift; path = RulesView.swift; sourceTree = "<group>"; };
		DC8356E67918A3E954AF83EA /* ProxyModels.swift */ = {isa = PBXFileReference; lastKnownFileType = sourcecode.swift; path = ProxyModels.swift; sourceTree = "<group>"; };
		DE0AB6349EE68DC78FC26EB5 /* BoxX.entitlements */ = {isa = PBXFileReference; lastKnownFileType = text.plist.entitlements; path = BoxX.entitlements; sourceTree = "<group>"; };
		EB0BC22D00B8DF7A0F201B5E /* RuleTestView.swift */ = {isa = PBXFileReference; lastKnownFileType = sourcecode.swift; path = RuleTestView.swift; sourceTree = "<group>"; };
		ED348366D4264B44087DB5E9 /* ProxyModelsTests.swift */ = {isa = PBXFileReference; lastKnownFileType = sourcecode.swift; path = ProxyModelsTests.swift; sourceTree = "<group>"; };
		F1938ECE20FFDCBC5DA86303 /* MainView.swift */ = {isa = PBXFileReference; lastKnownFileType = sourcecode.swift; path = MainView.swift; sourceTree = "<group>"; };
		F5BD437B4F6F076959897C90 /* ProxiesView.swift */ = {isa = PBXFileReference; lastKnownFileType = sourcecode.swift; path = ProxiesView.swift; sourceTree = "<group>"; };
		FD1E0C1D62CC61996C5615F5 /* BoxXTests.swift */ = {isa = PBXFileReference; lastKnownFileType = sourcecode.swift; path = BoxXTests.swift; sourceTree = "<group>"; };
/* End PBXFileReference section */

/* Begin PBXGroup section */
		0A9A0694BCE295CB04A5E781 /* Products */ = {
			isa = PBXGroup;
			children = (
				9AB458E77F97DBFFAE29805E /* BoxX.app */,
				28863DF4368C71D5FFF7A186 /* BoxXHelper */,
				CD16CD3ADCFA348808284DC0 /* BoxXTests.xctest */,
			);
			name = Products;
			sourceTree = "<group>";
		};
		0E7AE0078F81DDDD35CFADD7 /* Services */ = {
			isa = PBXGroup;
			children = (
				33FF2D74D270C7533F9221B0 /* ClashAPI.swift */,
				4EA0BF8E5758326717E287B6 /* ClashWebSocket.swift */,
				040E1FEFB36E4C33EED1A5C3 /* ConfigGenerator.swift */,
				8F3AAAF0B5C1D4F9ABA10C3B /* HelperManager.swift */,
				9E5AAE6B4AD6073A521B5D4E /* RuleManager.swift */,
				84EE3620F4C56C3918C1C969 /* ServiceConfigManager.swift */,
				1C202DBB07E3609789CAD3C7 /* SingBoxManager.swift */,
				6156B3F16794AB2995DC2AE8 /* SubscriptionManager.swift */,
				167EFFD13A60A868D1FABC99 /* WakeObserver.swift */,
			);
			path = Services;
			sourceTree = "<group>";
		};
		15C9EB85D466CC2681BE9634 /* Helpers */ = {
			isa = PBXGroup;
			children = (
				9F9360A996360ED7484C86E3 /* RingBuffer.swift */,
			);
			path = Helpers;
			sourceTree = "<group>";
		};
		40F0056BCE5BF8312CE41915 /* Tests */ = {
			isa = PBXGroup;
			children = (
				FD1E0C1D62CC61996C5615F5 /* BoxXTests.swift */,
				C6FFD72F51F8022D51A9B97F /* ClashAPITests.swift */,
				ED348366D4264B44087DB5E9 /* ProxyModelsTests.swift */,
				08B2E2745BD1FB6D6EC8B7F3 /* RingBufferTests.swift */,
			);
			path = Tests;
			sourceTree = "<group>";
		};
		77EB46A4DA9505D2877110A7 /* MenuBar */ = {
			isa = PBXGroup;
			children = (
				7D75DB00D57E74D03D75F000 /* MenuBarView.swift */,
			);
			path = MenuBar;
			sourceTree = "<group>";
		};
		87CC323DACF69ABBD4A9981E /* BoxXHelper */ = {
			isa = PBXGroup;
			children = (
				B1F605B3DA3C289944EC8E66 /* BoxXHelper.entitlements */,
				C92D36E087DFEB3FE6AC5111 /* main.swift */,
			);
			path = BoxXHelper;
			sourceTree = "<group>";
		};
		89029C1F85F30E0BA85B93F0 = {
			isa = PBXGroup;
			children = (
				B7B2A09ED397B4B5E6B21233 /* BoxX */,
				87CC323DACF69ABBD4A9981E /* BoxXHelper */,
				B6844612DBE1F081F3A6B218 /* Shared */,
				40F0056BCE5BF8312CE41915 /* Tests */,
				0A9A0694BCE295CB04A5E781 /* Products */,
			);
			sourceTree = "<group>";
		};
		A8B70330834890FBCFD372D7 /* Views */ = {
			isa = PBXGroup;
			children = (
				B338DCB7DE90B84AD9FC8007 /* AddRuleSheet.swift */,
				8CAEE62A30EDCED844892451 /* ConnectionsView.swift */,
				3233A78B55590B6DFD58E74C /* LogsView.swift */,
				F1938ECE20FFDCBC5DA86303 /* MainView.swift */,
				236316BA886FAF9975D7C310 /* OverviewView.swift */,
				F5BD437B4F6F076959897C90 /* ProxiesView.swift */,
				D67DE93C42F2614F14BE4375 /* RulesView.swift */,
				EB0BC22D00B8DF7A0F201B5E /* RuleTestView.swift */,
				96305C33FEFC382F3403938A /* ServicesConfigView.swift */,
				948AD47BE12ADB6ABA0B02F4 /* SettingsView.swift */,
				022E190D5DE58AE7AB373CA0 /* SubscriptionsView.swift */,
			);
			path = Views;
			sourceTree = "<group>";
		};
		B6844612DBE1F081F3A6B218 /* Shared */ = {
			isa = PBXGroup;
			children = (
				C2B86811409CA8AC5FE242B9 /* HelperProtocol.swift */,
			);
			path = Shared;
			sourceTree = "<group>";
		};
		B7B2A09ED397B4B5E6B21233 /* BoxX */ = {
			isa = PBXGroup;
			children = (
				DE0AB6349EE68DC78FC26EB5 /* BoxX.entitlements */,
				819D6CB6D0120EE89E9AFD9D /* BoxXApp.swift */,
				359FAFDB5E064BD58048D440 /* Info.plist */,
				15C9EB85D466CC2681BE9634 /* Helpers */,
				77EB46A4DA9505D2877110A7 /* MenuBar */,
				BAF9D2289787A0E79DF2F235 /* Models */,
				D351E9ABE87E6AFF7A7F140D /* Resources */,
				0E7AE0078F81DDDD35CFADD7 /* Services */,
				A8B70330834890FBCFD372D7 /* Views */,
			);
			path = BoxX;
			sourceTree = "<group>";
		};
		BAF9D2289787A0E79DF2F235 /* Models */ = {
			isa = PBXGroup;
			children = (
				14648562F958BE7DF9541A7F /* AppState.swift */,
				75C6C8DA5E09684647EA1B8F /* ConnectionModels.swift */,
				18B87438B0C89B2C88F9B0D5 /* LogEntry.swift */,
				DC8356E67918A3E954AF83EA /* ProxyModels.swift */,
				223B0D94A0BDD5B469B1C6D3 /* Rule.swift */,
			);
			path = Models;
			sourceTree = "<group>";
		};
		D351E9ABE87E6AFF7A7F140D /* Resources */ = {
			isa = PBXGroup;
			children = (
				5A786DA30C59DB926BE25E5A /* Assets.xcassets */,
				CC8166B671B895FBCAA5ADBF /* Localizable.strings */,
			);
			path = Resources;
			sourceTree = "<group>";
		};
/* End PBXGroup section */

/* Begin PBXNativeTarget section */
		82F6E97450DBF35857747666 /* BoxXHelper */ = {
			isa = PBXNativeTarget;
			buildConfigurationList = F132FF95354D36B5A1F526C4 /* Build configuration list for PBXNativeTarget "BoxXHelper" */;
			buildPhases = (
				41B4743C07DE431C0ADCE261 /* Sources */,
			);
			buildRules = (
			);
			dependencies = (
			);
			name = BoxXHelper;
			packageProductDependencies = (
			);
			productName = BoxXHelper;
			productReference = 28863DF4368C71D5FFF7A186 /* BoxXHelper */;
			productType = "com.apple.product-type.tool";
		};
		9FA8BD2374274AA6538F04CF /* BoxX */ = {
			isa = PBXNativeTarget;
			buildConfigurationList = 18DF7A99D8F92CF33A73B5AC /* Build configuration list for PBXNativeTarget "BoxX" */;
			buildPhases = (
				1B59DD60D261C65B7419DD95 /* Sources */,
				DFF8BD0BE27D1EB818A50173 /* Resources */,
				47EDD7E1AC8C7AE44832FE58 /* Embed Helper binary and plist */,
			);
			buildRules = (
			);
			dependencies = (
				4C48352892A41B01BA757CAB /* PBXTargetDependency */,
			);
			name = BoxX;
			packageProductDependencies = (
			);
			productName = BoxX;
			productReference = 9AB458E77F97DBFFAE29805E /* BoxX.app */;
			productType = "com.apple.product-type.application";
		};
		CEB4AB5ABC388B3742AABC11 /* BoxXTests */ = {
			isa = PBXNativeTarget;
			buildConfigurationList = F4C5F874FB273BC6DF50F012 /* Build configuration list for PBXNativeTarget "BoxXTests" */;
			buildPhases = (
				555C8449FA8A80D19E384D1F /* Sources */,
			);
			buildRules = (
			);
			dependencies = (
				F7575DCE6A6314C022FD2B82 /* PBXTargetDependency */,
			);
			name = BoxXTests;
			packageProductDependencies = (
			);
			productName = BoxXTests;
			productReference = CD16CD3ADCFA348808284DC0 /* BoxXTests.xctest */;
			productType = "com.apple.product-type.bundle.unit-test";
		};
/* End PBXNativeTarget section */

/* Begin PBXProject section */
		86708EBC0457A50D0A386ABA /* Project object */ = {
			isa = PBXProject;
			attributes = {
				BuildIndependentTargetsInParallel = YES;
				LastUpgradeCheck = 1600;
				TargetAttributes = {
				};
			};
			buildConfigurationList = D8B00D1767AC43E64C5C458A /* Build configuration list for PBXProject "BoxX" */;
			developmentRegion = en;
			hasScannedForEncodings = 0;
			knownRegions = (
				Base,
				en,
				"zh-Hans",
			);
			mainGroup = 89029C1F85F30E0BA85B93F0;
			minimizedProjectReferenceProxies = 1;
			preferredProjectObjectVersion = 77;
			productRefGroup = 0A9A0694BCE295CB04A5E781 /* Products */;
			projectDirPath = "";
			projectRoot = "";
			targets = (
				9FA8BD2374274AA6538F04CF /* BoxX */,
				82F6E97450DBF35857747666 /* BoxXHelper */,
				CEB4AB5ABC388B3742AABC11 /* BoxXTests */,
			);
		};
/* End PBXProject section */

/* Begin PBXResourcesBuildPhase section */
		DFF8BD0BE27D1EB818A50173 /* Resources */ = {
			isa = PBXResourcesBuildPhase;
			buildActionMask = 2147483647;
			files = (
				8189A52951925CA4152F7C88 /* Assets.xcassets in Resources */,
				1E2427A7F9419BC567A20DFB /* Localizable.strings in Resources */,
			);
			runOnlyForDeploymentPostprocessing = 0;
		};
/* End PBXResourcesBuildPhase section */

/* Begin PBXShellScriptBuildPhase section */
		47EDD7E1AC8C7AE44832FE58 /* Embed Helper binary and plist */ = {
			isa = PBXShellScriptBuildPhase;
			alwaysOutOfDate = 1;
			buildActionMask = 2147483647;
			files = (
			);
			inputFileListPaths = (
			);
			inputPaths = (
			);
			name = "Embed Helper binary and plist";
			outputFileListPaths = (
			);
			outputPaths = (
			);
			runOnlyForDeploymentPostprocessing = 0;
			shellPath = /bin/sh;
			shellScript = "DAEMON_DIR=\"${BUILT_PRODUCTS_DIR}/${WRAPPER_NAME}/Contents/Library/LaunchDaemons\"\nmkdir -p \"${DAEMON_DIR}\"\ncp \"${BUILT_PRODUCTS_DIR}/BoxXHelper\" \"${DAEMON_DIR}/BoxXHelper\"\ncp \"${SRCROOT}/BoxXHelper/launchd.plist\" \"${DAEMON_DIR}/com.boxx.helper.plist\"\n";
		};
/* End PBXShellScriptBuildPhase section */

/* Begin PBXSourcesBuildPhase section */
		1B59DD60D261C65B7419DD95 /* Sources */ = {
			isa = PBXSourcesBuildPhase;
			buildActionMask = 2147483647;
			files = (
				C98DC03EB3377D52C59A0277 /* AddRuleSheet.swift in Sources */,
				A3072BC62B8FEB7F752979F1 /* AppState.swift in Sources */,
				A4833F03D896633115A6F126 /* BoxXApp.swift in Sources */,
				CA6DC01BBEC49CE5915F2F29 /* ClashAPI.swift in Sources */,
				E90CA122DD57879F17A9FDA6 /* ClashWebSocket.swift in Sources */,
				E6795C17D7CDED2E5E416334 /* ConfigGenerator.swift in Sources */,
				0D10454861463E5EEB9DE78A /* ConnectionModels.swift in Sources */,
				F2796695A657AA73B939B202 /* ConnectionsView.swift in Sources */,
				0D00DCB833E7B0E79F0D5CAA /* HelperManager.swift in Sources */,
				B8DDBD2425BD0A0C188D29F0 /* HelperProtocol.swift in Sources */,
				1B2E597D5AE730484942B423 /* LogEntry.swift in Sources */,
				AAD0AC2F8AF0311D9A05DD6F /* LogsView.swift in Sources */,
				6D00AD4A6A04326D33137ED0 /* MainView.swift in Sources */,
				8CC9F2A705A8A9D8FAEA9926 /* MenuBarView.swift in Sources */,
				ADE55A7DEDFBFCF4966F3DBD /* OverviewView.swift in Sources */,
				BA39303F0FBFFBAE241596A8 /* ProxiesView.swift in Sources */,
				A8E081B2AD059A3352B38643 /* ProxyModels.swift in Sources */,
				53B52F9D001AF0CB95F78C66 /* RingBuffer.swift in Sources */,
				411B3E0DBF4B1C99FE5923B5 /* Rule.swift in Sources */,
				7491BE185917A2B7C49A4FDB /* RuleManager.swift in Sources */,
				05D2915D5FA01A7CF66E8DF3 /* RuleTestView.swift in Sources */,
				CA555942B8B8494999381A5F /* RulesView.swift in Sources */,
				60852C3CA026FF44D7AD200A /* ServiceConfigManager.swift in Sources */,
				0255518187AAF67045A1E397 /* ServicesConfigView.swift in Sources */,
				39EA029175CED929C253468B /* SettingsView.swift in Sources */,
				D882C1834356CF10C703550F /* SingBoxManager.swift in Sources */,
				756B6D09C0FD568A95FC21FF /* SubscriptionManager.swift in Sources */,
				DED450B7F9568D9FE1B70C96 /* SubscriptionsView.swift in Sources */,
				0B6B497093E5A0C9819B0E9A /* WakeObserver.swift in Sources */,
			);
			runOnlyForDeploymentPostprocessing = 0;
		};
		41B4743C07DE431C0ADCE261 /* Sources */ = {
			isa = PBXSourcesBuildPhase;
			buildActionMask = 2147483647;
			files = (
				025B6A0E7AE6D1AD095F2436 /* HelperProtocol.swift in Sources */,
				33BF5225C7BA62C13F7D3804 /* main.swift in Sources */,
			);
			runOnlyForDeploymentPostprocessing = 0;
		};
		555C8449FA8A80D19E384D1F /* Sources */ = {
			isa = PBXSourcesBuildPhase;
			buildActionMask = 2147483647;
			files = (
				C28118A8B37F0BD909ABAF5D /* BoxXTests.swift in Sources */,
				8A47BB92E28FACF32C838A05 /* ClashAPITests.swift in Sources */,
				7A8B62CF433218E270AC8878 /* HelperProtocol.swift in Sources */,
				D6E71EB2B460AF350CA00140 /* ProxyModelsTests.swift in Sources */,
				ED796EFF6EB83CE60430DA4E /* RingBufferTests.swift in Sources */,
			);
			runOnlyForDeploymentPostprocessing = 0;
		};
/* End PBXSourcesBuildPhase section */

/* Begin PBXTargetDependency section */
		4C48352892A41B01BA757CAB /* PBXTargetDependency */ = {
			isa = PBXTargetDependency;
			target = 82F6E97450DBF35857747666 /* BoxXHelper */;
			targetProxy = EEF22C11F5A1BECC12DE652A /* PBXContainerItemProxy */;
		};
		F7575DCE6A6314C022FD2B82 /* PBXTargetDependency */ = {
			isa = PBXTargetDependency;
			target = 9FA8BD2374274AA6538F04CF /* BoxX */;
			targetProxy = CF8815211F5EFC9AF297825A /* PBXContainerItemProxy */;
		};
/* End PBXTargetDependency section */

/* Begin PBXVariantGroup section */
		CC8166B671B895FBCAA5ADBF /* Localizable.strings */ = {
			isa = PBXVariantGroup;
			children = (
				0BD7F2BEBB0D0D08B6687582 /* en */,
				5402AF02BFFEE79DF3A8DE7B /* zh-Hans */,
			);
			name = Localizable.strings;
			sourceTree = "<group>";
		};
/* End PBXVariantGroup section */

/* Begin XCBuildConfiguration section */
		33CF79EEC36A87F456A7126A /* Release */ = {
			isa = XCBuildConfiguration;
			buildSettings = {
				ALWAYS_SEARCH_USER_PATHS = NO;
				CLANG_ANALYZER_NONNULL = YES;
				CLANG_ANALYZER_NUMBER_OBJECT_CONVERSION = YES_AGGRESSIVE;
				CLANG_CXX_LANGUAGE_STANDARD = "gnu++14";
				CLANG_CXX_LIBRARY = "libc++";
				CLANG_ENABLE_MODULES = YES;
				CLANG_ENABLE_OBJC_ARC = YES;
				CLANG_ENABLE_OBJC_WEAK = YES;
				CLANG_WARN_BLOCK_CAPTURE_AUTORELEASING = YES;
				CLANG_WARN_BOOL_CONVERSION = YES;
				CLANG_WARN_COMMA = YES;
				CLANG_WARN_CONSTANT_CONVERSION = YES;
				CLANG_WARN_DEPRECATED_OBJC_IMPLEMENTATIONS = YES;
				CLANG_WARN_DIRECT_OBJC_ISA_USAGE = YES_ERROR;
				CLANG_WARN_DOCUMENTATION_COMMENTS = YES;
				CLANG_WARN_EMPTY_BODY = YES;
				CLANG_WARN_ENUM_CONVERSION = YES;
				CLANG_WARN_INFINITE_RECURSION = YES;
				CLANG_WARN_INT_CONVERSION = YES;
				CLANG_WARN_NON_LITERAL_NULL_CONVERSION = YES;
				CLANG_WARN_OBJC_IMPLICIT_RETAIN_SELF = YES;
				CLANG_WARN_OBJC_LITERAL_CONVERSION = YES;
				CLANG_WARN_OBJC_ROOT_CLASS = YES_ERROR;
				CLANG_WARN_QUOTED_INCLUDE_IN_FRAMEWORK_HEADER = YES;
				CLANG_WARN_RANGE_LOOP_ANALYSIS = YES;
				CLANG_WARN_STRICT_PROTOTYPES = YES;
				CLANG_WARN_SUSPICIOUS_MOVE = YES;
				CLANG_WARN_UNGUARDED_AVAILABILITY = YES_AGGRESSIVE;
				CLANG_WARN_UNREACHABLE_CODE = YES;
				CLANG_WARN__DUPLICATE_METHOD_MATCH = YES;
				COPY_PHASE_STRIP = NO;
				DEBUG_INFORMATION_FORMAT = "dwarf-with-dsym";
				ENABLE_NS_ASSERTIONS = NO;
				ENABLE_STRICT_OBJC_MSGSEND = YES;
				GCC_C_LANGUAGE_STANDARD = gnu11;
				GCC_NO_COMMON_BLOCKS = YES;
				GCC_WARN_64_TO_32_BIT_CONVERSION = YES;
				GCC_WARN_ABOUT_RETURN_TYPE = YES_ERROR;
				GCC_WARN_UNDECLARED_SELECTOR = YES;
				GCC_WARN_UNINITIALIZED_AUTOS = YES_AGGRESSIVE;
				GCC_WARN_UNUSED_FUNCTION = YES;
				GCC_WARN_UNUSED_VARIABLE = YES;
				MACOSX_DEPLOYMENT_TARGET = 14.0;
				MTL_ENABLE_DEBUG_INFO = NO;
				MTL_FAST_MATH = YES;
				PRODUCT_NAME = "$(TARGET_NAME)";
				SDKROOT = macosx;
				SWIFT_COMPILATION_MODE = wholemodule;
				SWIFT_OPTIMIZATION_LEVEL = "-O";
				SWIFT_STRICT_CONCURRENCY = minimal;
				SWIFT_VERSION = 6.0;
			};
			name = Release;
		};
		36C6A3AFCD06E451B56A2800 /* Debug */ = {
			isa = XCBuildConfiguration;
			buildSettings = {
				BUNDLE_LOADER = "$(TEST_HOST)";
				COMBINE_HIDPI_IMAGES = YES;
				GENERATE_INFOPLIST_FILE = YES;
				LD_RUNPATH_SEARCH_PATHS = (
					"$(inherited)",
					"@executable_path/../Frameworks",
					"@loader_path/../Frameworks",
				);
				PRODUCT_BUNDLE_IDENTIFIER = com.boxx.tests;
				SDKROOT = macosx;
				TEST_HOST = "$(BUILT_PRODUCTS_DIR)/BoxX.app/Contents/MacOS/BoxX";
			};
			name = Debug;
		};
		36D01FB9E751D4AD895CE80A /* Debug */ = {
			isa = XCBuildConfiguration;
			buildSettings = {
				ASSETCATALOG_COMPILER_APPICON_NAME = AppIcon;
				CODE_SIGN_ENTITLEMENTS = BoxX/BoxX.entitlements;
				CODE_SIGN_IDENTITY = "-";
				COMBINE_HIDPI_IMAGES = YES;
				ENABLE_HARDENED_RUNTIME = YES;
				INFOPLIST_FILE = BoxX/Info.plist;
				LD_RUNPATH_SEARCH_PATHS = "@executable_path/../Frameworks";
				PRODUCT_BUNDLE_IDENTIFIER = com.boxx.app;
				SDKROOT = macosx;
			};
			name = Debug;
		};
		466125D8F83CCC25B9D30F28 /* Release */ = {
			isa = XCBuildConfiguration;
			buildSettings = {
				ASSETCATALOG_COMPILER_APPICON_NAME = AppIcon;
				CODE_SIGN_ENTITLEMENTS = BoxX/BoxX.entitlements;
				CODE_SIGN_IDENTITY = "-";
				COMBINE_HIDPI_IMAGES = YES;
				ENABLE_HARDENED_RUNTIME = YES;
				INFOPLIST_FILE = BoxX/Info.plist;
				LD_RUNPATH_SEARCH_PATHS = "@executable_path/../Frameworks";
				PRODUCT_BUNDLE_IDENTIFIER = com.boxx.app;
				SDKROOT = macosx;
			};
			name = Release;
		};
		4E4ED6BF9688622AA88D0274 /* Debug */ = {
			isa = XCBuildConfiguration;
			buildSettings = {
				CODE_SIGN_ENTITLEMENTS = BoxXHelper/BoxXHelper.entitlements;
				CODE_SIGN_IDENTITY = "-";
				COMBINE_HIDPI_IMAGES = YES;
				ENABLE_HARDENED_RUNTIME = YES;
				INFOPLIST_FILE = BoxXHelper/Info.plist;
				LD_RUNPATH_SEARCH_PATHS = (
					"$(inherited)",
					"@executable_path/../Frameworks",
				);
				PRODUCT_BUNDLE_IDENTIFIER = com.boxx.helper;
				SDKROOT = macosx;
				SKIP_INSTALL = YES;
			};
			name = Debug;
		};
		8B5206138E3F9ED9F756BA64 /* Debug */ = {
			isa = XCBuildConfiguration;
			buildSettings = {
				ALWAYS_SEARCH_USER_PATHS = NO;
				CLANG_ANALYZER_NONNULL = YES;
				CLANG_ANALYZER_NUMBER_OBJECT_CONVERSION = YES_AGGRESSIVE;
				CLANG_CXX_LANGUAGE_STANDARD = "gnu++14";
				CLANG_CXX_LIBRARY = "libc++";
				CLANG_ENABLE_MODULES = YES;
				CLANG_ENABLE_OBJC_ARC = YES;
				CLANG_ENABLE_OBJC_WEAK = YES;
				CLANG_WARN_BLOCK_CAPTURE_AUTORELEASING = YES;
				CLANG_WARN_BOOL_CONVERSION = YES;
				CLANG_WARN_COMMA = YES;
				CLANG_WARN_CONSTANT_CONVERSION = YES;
				CLANG_WARN_DEPRECATED_OBJC_IMPLEMENTATIONS = YES;
				CLANG_WARN_DIRECT_OBJC_ISA_USAGE = YES_ERROR;
				CLANG_WARN_DOCUMENTATION_COMMENTS = YES;
				CLANG_WARN_EMPTY_BODY = YES;
				CLANG_WARN_ENUM_CONVERSION = YES;
				CLANG_WARN_INFINITE_RECURSION = YES;
				CLANG_WARN_INT_CONVERSION = YES;
				CLANG_WARN_NON_LITERAL_NULL_CONVERSION = YES;
				CLANG_WARN_OBJC_IMPLICIT_RETAIN_SELF = YES;
				CLANG_WARN_OBJC_LITERAL_CONVERSION = YES;
				CLANG_WARN_OBJC_ROOT_CLASS = YES_ERROR;
				CLANG_WARN_QUOTED_INCLUDE_IN_FRAMEWORK_HEADER = YES;
				CLANG_WARN_RANGE_LOOP_ANALYSIS = YES;
				CLANG_WARN_STRICT_PROTOTYPES = YES;
				CLANG_WARN_SUSPICIOUS_MOVE = YES;
				CLANG_WARN_UNGUARDED_AVAILABILITY = YES_AGGRESSIVE;
				CLANG_WARN_UNREACHABLE_CODE = YES;
				CLANG_WARN__DUPLICATE_METHOD_MATCH = YES;
				COPY_PHASE_STRIP = NO;
				DEBUG_INFORMATION_FORMAT = dwarf;
				ENABLE_STRICT_OBJC_MSGSEND = YES;
				ENABLE_TESTABILITY = YES;
				GCC_C_LANGUAGE_STANDARD = gnu11;
				GCC_DYNAMIC_NO_PIC = NO;
				GCC_NO_COMMON_BLOCKS = YES;
				GCC_OPTIMIZATION_LEVEL = 0;
				GCC_PREPROCESSOR_DEFINITIONS = (
					"$(inherited)",
					"DEBUG=1",
				);
				GCC_WARN_64_TO_32_BIT_CONVERSION = YES;
				GCC_WARN_ABOUT_RETURN_TYPE = YES_ERROR;
				GCC_WARN_UNDECLARED_SELECTOR = YES;
				GCC_WARN_UNINITIALIZED_AUTOS = YES_AGGRESSIVE;
				GCC_WARN_UNUSED_FUNCTION = YES;
				GCC_WARN_UNUSED_VARIABLE = YES;
				MACOSX_DEPLOYMENT_TARGET = 14.0;
				MTL_ENABLE_DEBUG_INFO = INCLUDE_SOURCE;
				MTL_FAST_MATH = YES;
				ONLY_ACTIVE_ARCH = YES;
				PRODUCT_NAME = "$(TARGET_NAME)";
				SDKROOT = macosx;
				SWIFT_ACTIVE_COMPILATION_CONDITIONS = DEBUG;
				SWIFT_OPTIMIZATION_LEVEL = "-Onone";
				SWIFT_STRICT_CONCURRENCY = minimal;
				SWIFT_VERSION = 6.0;
			};
			name = Debug;
		};
		9AFB6C85F832591985368704 /* Release */ = {
			isa = XCBuildConfiguration;
			buildSettings = {
				CODE_SIGN_ENTITLEMENTS = BoxXHelper/BoxXHelper.entitlements;
				CODE_SIGN_IDENTITY = "-";
				COMBINE_HIDPI_IMAGES = YES;
				ENABLE_HARDENED_RUNTIME = YES;
				INFOPLIST_FILE = BoxXHelper/Info.plist;
				LD_RUNPATH_SEARCH_PATHS = (
					"$(inherited)",
					"@executable_path/../Frameworks",
				);
				PRODUCT_BUNDLE_IDENTIFIER = com.boxx.helper;
				SDKROOT = macosx;
				SKIP_INSTALL = YES;
			};
			name = Release;
		};
		BDE7D9BD17717E964E337ECE /* Release */ = {
			isa = XCBuildConfiguration;
			buildSettings = {
				BUNDLE_LOADER = "$(TEST_HOST)";
				COMBINE_HIDPI_IMAGES = YES;
				GENERATE_INFOPLIST_FILE = YES;
				LD_RUNPATH_SEARCH_PATHS = (
					"$(inherited)",
					"@executable_path/../Frameworks",
					"@loader_path/../Frameworks",
				);
				PRODUCT_BUNDLE_IDENTIFIER = com.boxx.tests;
				SDKROOT = macosx;
				TEST_HOST = "$(BUILT_PRODUCTS_DIR)/BoxX.app/Contents/MacOS/BoxX";
			};
			name = Release;
		};
/* End XCBuildConfiguration section */

/* Begin XCConfigurationList section */
		18DF7A99D8F92CF33A73B5AC /* Build configuration list for PBXNativeTarget "BoxX" */ = {
			isa = XCConfigurationList;
			buildConfigurations = (
				36D01FB9E751D4AD895CE80A /* Debug */,
				466125D8F83CCC25B9D30F28 /* Release */,
			);
			defaultConfigurationIsVisible = 0;
			defaultConfigurationName = Debug;
		};
		D8B00D1767AC43E64C5C458A /* Build configuration list for PBXProject "BoxX" */ = {
			isa = XCConfigurationList;
			buildConfigurations = (
				8B5206138E3F9ED9F756BA64 /* Debug */,
				33CF79EEC36A87F456A7126A /* Release */,
			);
			defaultConfigurationIsVisible = 0;
			defaultConfigurationName = Debug;
		};
		F132FF95354D36B5A1F526C4 /* Build configuration list for PBXNativeTarget "BoxXHelper" */ = {
			isa = XCConfigurationList;
			buildConfigurations = (
				4E4ED6BF9688622AA88D0274 /* Debug */,
				9AFB6C85F832591985368704 /* Release */,
			);
			defaultConfigurationIsVisible = 0;
			defaultConfigurationName = Debug;
		};
		F4C5F874FB273BC6DF50F012 /* Build configuration list for PBXNativeTarget "BoxXTests" */ = {
			isa = XCConfigurationList;
			buildConfigurations = (
				36C6A3AFCD06E451B56A2800 /* Debug */,
				BDE7D9BD17717E964E337ECE /* Release */,
			);
			defaultConfigurationIsVisible = 0;
			defaultConfigurationName = Debug;
		};
/* End XCConfigurationList section */
	};
	rootObject = 86708EBC0457A50D0A386ABA /* Project object */;
}
