// !$*UTF8*$!
{
	archiveVersion = 1;
	classes = {
	};
	objectVersion = 77;
	objects = {

/* Begin PBXBuildFile section */
		025B6A0E7AE6D1AD095F2436 /* HelperProtocol.swift in Sources */ = {isa = PBXBuildFile; fileRef = C2B86811409CA8AC5FE242B9 /* HelperProtocol.swift */; };
		069C68571727339D4CD04366 /* InboundConfig.swift in Sources */ = {isa = PBXBuildFile; fileRef = FCA03BDC9BCFC3FF757537A7 /* InboundConfig.swift */; };
		0B6B497093E5A0C9819B0E9A /* WakeObserver.swift in Sources */ = {isa = PBXBuildFile; fileRef = 167EFFD13A60A868D1FABC99 /* WakeObserver.swift */; };
		0D10454861463E5EEB9DE78A /* ConnectionModels.swift in Sources */ = {isa = PBXBuildFile; fileRef = 75C6C8DA5E09684647EA1B8F /* ConnectionModels.swift */; };
		1765CC16E758DB82252599D4 /* FileWatcher.swift in Sources */ = {isa = PBXBuildFile; fileRef = 3DB438A56B425DD4201D80DC /* FileWatcher.swift */; };
		1B2E597D5AE730484942B423 /* LogEntry.swift in Sources */ = {isa = PBXBuildFile; fileRef = 18B87438B0C89B2C88F9B0D5 /* LogEntry.swift */; };
		1E2427A7F9419BC567A20DFB /* Localizable.strings in Resources */ = {isa = PBXBuildFile; fileRef = CC8166B671B895FBCAA5ADBF /* Localizable.strings */; };
		2DF660EAF9B822BD61E3BB70 /* RuleSetManager.swift in Sources */ = {isa = PBXBuildFile; fileRef = 46F312446DB749C20DF79E3D /* RuleSetManager.swift */; };
		334B133A0825CF16ABA42884 /* SubscriptionService.swift in Sources */ = {isa = PBXBuildFile; fileRef = B65B5EDDE76159D34C31513B /* SubscriptionService.swift */; };
		33BF5225C7BA62C13F7D3804 /* main.swift in Sources */ = {isa = PBXBuildFile; fileRef = C92D36E087DFEB3FE6AC5111 /* main.swift */; };
		36277799D5F3B4516B837900 /* SingBoxProcess.swift in Sources */ = {isa = PBXBuildFile; fileRef = E48921823F47E8A8BA52DDAB /* SingBoxProcess.swift */; };
		368388499DF522127CE5843B /* MenuBarController.swift in Sources */ = {isa = PBXBuildFile; fileRef = D8254EFC2D2594D80531A454 /* MenuBarController.swift */; };
		39EA029175CED929C253468B /* SettingsView.swift in Sources */ = {isa = PBXBuildFile; fileRef = 948AD47BE12ADB6ABA0B02F4 /* SettingsView.swift */; };
		411B3E0DBF4B1C99FE5923B5 /* Rule.swift in Sources */ = {isa = PBXBuildFile; fileRef = 223B0D94A0BDD5B469B1C6D3 /* Rule.swift */; };
		53B52F9D001AF0CB95F78C66 /* RingBuffer.swift in Sources */ = {isa = PBXBuildFile; fileRef = 9F9360A996360ED7484C86E3 /* RingBuffer.swift */; };
		60202CF3DF8681CD0E864087 /* SingBoxConfig.swift in Sources */ = {isa = PBXBuildFile; fileRef = 978990E5B126418AE87D12CB /* SingBoxConfig.swift */; };
		633D1C59207385917825B026 /* OutboundConfig.swift in Sources */ = {isa = PBXBuildFile; fileRef = A2A6AEAB861E8AA72EA2E5E3 /* OutboundConfig.swift */; };
		6BDB4F66FDC4F1A6D35C6EBA /* RouteConfig.swift in Sources */ = {isa = PBXBuildFile; fileRef = EC8094DC64A4C5660F62F8AE /* RouteConfig.swift */; };
		6D00AD4A6A04326D33137ED0 /* MainView.swift in Sources */ = {isa = PBXBuildFile; fileRef = F1938ECE20FFDCBC5DA86303 /* MainView.swift */; };
		6D2EBC2502369E291AE320B5 /* DataModels.swift in Sources */ = {isa = PBXBuildFile; fileRef = C292DC1809C61C3195C3C227 /* DataModels.swift */; };
		7A8B62CF433218E270AC8878 /* HelperProtocol.swift in Sources */ = {isa = PBXBuildFile; fileRef = C2B86811409CA8AC5FE242B9 /* HelperProtocol.swift */; };
		8189A52951925CA4152F7C88 /* Assets.xcassets in Resources */ = {isa = PBXBuildFile; fileRef = 5A786DA30C59DB926BE25E5A /* Assets.xcassets */; };
		83473B83FEE9C71B170A7B7D /* config.json in Resources */ = {isa = PBXBuildFile; fileRef = D66DA05B940CC40693AB69E6 /* config.json */; };
		8A47BB92E28FACF32C838A05 /* ClashAPITests.swift in Sources */ = {isa = PBXBuildFile; fileRef = C6FFD72F51F8022D51A9B97F /* ClashAPITests.swift */; };
		963462A43886911BEC9D2CD8 /* SwiftData.framework in Frameworks */ = {isa = PBXBuildFile; fileRef = 97686E1935EF18A1381BBA97 /* SwiftData.framework */; };
		9810895EDCCB6C76A9B284C3 /* XPCClient.swift in Sources */ = {isa = PBXBuildFile; fileRef = 00C26C4EA7E274BCAE3ED3DA /* XPCClient.swift */; };
		9E85A43A0EFE7AD48BA748B9 /* LogConfig.swift in Sources */ = {isa = PBXBuildFile; fileRef = BC97FA8D4B6846EB7C901F48 /* LogConfig.swift */; };
		A3072BC62B8FEB7F752979F1 /* AppState.swift in Sources */ = {isa = PBXBuildFile; fileRef = 14648562F958BE7DF9541A7F /* AppState.swift */; };
		A4833F03D896633115A6F126 /* BoxXApp.swift in Sources */ = {isa = PBXBuildFile; fileRef = 819D6CB6D0120EE89E9AFD9D /* BoxXApp.swift */; };
		A599F8C2FFCE6EEF8705B6CA /* ClashYAMLParser.swift in Sources */ = {isa = PBXBuildFile; fileRef = 7C95AF63924DE05973F05781 /* ClashYAMLParser.swift */; };
		A6C70809E9CF4B3F59BB4C45 /* BuiltinRuleSet.swift in Sources */ = {isa = PBXBuildFile; fileRef = E43674654CE4FEB3AE5A3CDD /* BuiltinRuleSet.swift */; };
		A8E081B2AD059A3352B38643 /* ProxyModels.swift in Sources */ = {isa = PBXBuildFile; fileRef = DC8356E67918A3E954AF83EA /* ProxyModels.swift */; };
		AAB2F1F8E8E1760BE04E27C7 /* SingBoxJSONParserTests.swift in Sources */ = {isa = PBXBuildFile; fileRef = E773F3A6B33BEDE219ED24CB /* SingBoxJSONParserTests.swift */; };
		AAD0AC2F8AF0311D9A05DD6F /* LogsView.swift in Sources */ = {isa = PBXBuildFile; fileRef = 3233A78B55590B6DFD58E74C /* LogsView.swift */; };
		ABF5219BC4BB5079D2A82B87 /* ClashYAMLParserTests.swift in Sources */ = {isa = PBXBuildFile; fileRef = 2AFF60EAC876987ABDF8C54C /* ClashYAMLParserTests.swift */; };
		ADE55A7DEDFBFCF4966F3DBD /* OverviewView.swift in Sources */ = {isa = PBXBuildFile; fileRef = 236316BA886FAF9975D7C310 /* OverviewView.swift */; };
		AF70DEFEF9561D21C86E583B /* ParsedProxy.swift in Sources */ = {isa = PBXBuildFile; fileRef = 2FDFB6CABF9E7205E045907C /* ParsedProxy.swift */; };
		B3A4AB992CAD4EC97531B42F /* ConfigEngine.swift in Sources */ = {isa = PBXBuildFile; fileRef = C5825098AE2B49A633D0A58A /* ConfigEngine.swift */; };
		B67AF501AE3B8D8096D46095 /* OutboundConfigTests.swift in Sources */ = {isa = PBXBuildFile; fileRef = FA2C045DE653866E54C14171 /* OutboundConfigTests.swift */; };
		B8DDBD2425BD0A0C188D29F0 /* HelperProtocol.swift in Sources */ = {isa = PBXBuildFile; fileRef = C2B86811409CA8AC5FE242B9 /* HelperProtocol.swift */; };
		BA39303F0FBFFBAE241596A8 /* ProxiesView.swift in Sources */ = {isa = PBXBuildFile; fileRef = F5BD437B4F6F076959897C90 /* ProxiesView.swift */; };
		C28118A8B37F0BD909ABAF5D /* BoxXTests.swift in Sources */ = {isa = PBXBuildFile; fileRef = FD1E0C1D62CC61996C5615F5 /* BoxXTests.swift */; };
		C2DA449DAC046D928ADFB90E /* AutoGrouper.swift in Sources */ = {isa = PBXBuildFile; fileRef = 7D1F107044EE7E7A2AC75600 /* AutoGrouper.swift */; };
		C98DC03EB3377D52C59A0277 /* AddRuleSheet.swift in Sources */ = {isa = PBXBuildFile; fileRef = B338DCB7DE90B84AD9FC8007 /* AddRuleSheet.swift */; };
		CA555942B8B8494999381A5F /* RulesView.swift in Sources */ = {isa = PBXBuildFile; fileRef = D67DE93C42F2614F14BE4375 /* RulesView.swift */; };
		CA6DC01BBEC49CE5915F2F29 /* ClashAPI.swift in Sources */ = {isa = PBXBuildFile; fileRef = 33FF2D74D270C7533F9221B0 /* ClashAPI.swift */; };
		D5498A761A9319491C616D5A /* JSONValue.swift in Sources */ = {isa = PBXBuildFile; fileRef = 3A1528B619F372B267512D08 /* JSONValue.swift */; };
		D6E71EB2B460AF350CA00140 /* ProxyModelsTests.swift in Sources */ = {isa = PBXBuildFile; fileRef = ED348366D4264B44087DB5E9 /* ProxyModelsTests.swift */; };
		D722833526F9A3AC5C92E1C8 /* AutoGrouperTests.swift in Sources */ = {isa = PBXBuildFile; fileRef = DE353F21CA0E9C04DF5D59DE /* AutoGrouperTests.swift */; };
		DED450B7F9568D9FE1B70C96 /* SubscriptionsView.swift in Sources */ = {isa = PBXBuildFile; fileRef = 022E190D5DE58AE7AB373CA0 /* SubscriptionsView.swift */; };
		E27B3A934011CD4D322519DD /* ConfigEngineTests.swift in Sources */ = {isa = PBXBuildFile; fileRef = 0EDCA672896DFD324138EC9E /* ConfigEngineTests.swift */; };
		E79724C91A58535D716F7685 /* DNSConfig.swift in Sources */ = {isa = PBXBuildFile; fileRef = AB3894A1ADD33B80A2ED9DF3 /* DNSConfig.swift */; };
		E90CA122DD57879F17A9FDA6 /* ClashWebSocket.swift in Sources */ = {isa = PBXBuildFile; fileRef = 4EA0BF8E5758326717E287B6 /* ClashWebSocket.swift */; };
		EA7D5850BAD79996E1D08848 /* SingBoxJSONParser.swift in Sources */ = {isa = PBXBuildFile; fileRef = 3E933712F9588A4920A916AD /* SingBoxJSONParser.swift */; };
		ED796EFF6EB83CE60430DA4E /* RingBufferTests.swift in Sources */ = {isa = PBXBuildFile; fileRef = 08B2E2745BD1FB6D6EC8B7F3 /* RingBufferTests.swift */; };
		F2796695A657AA73B939B202 /* ConnectionsView.swift in Sources */ = {isa = PBXBuildFile; fileRef = 8CAEE62A30EDCED844892451 /* ConnectionsView.swift */; };
		FA13DABBE1CB5BDF70828E66 /* ExperimentalConfig.swift in Sources */ = {isa = PBXBuildFile; fileRef = A98575A5D775E837DBA98714 /* ExperimentalConfig.swift */; };
		FCEDFA3F770C35008D856FA3 /* SubscriptionFetcher.swift in Sources */ = {isa = PBXBuildFile; fileRef = 70E1CBC5CE03DF6787AA4B06 /* SubscriptionFetcher.swift */; };
		FDC35FBD2B57453A57E1B704 /* JSONValueTests.swift in Sources */ = {isa = PBXBuildFile; fileRef = AE8D01BF71F2F21A5137B99F /* JSONValueTests.swift */; };
/* End PBXBuildFile section */

/* Begin PBXContainerItemProxy section */
		CF8815211F5EFC9AF297825A /* PBXContainerItemProxy */ = {
			isa = PBXContainerItemProxy;
			containerPortal = 86708EBC0457A50D0A386ABA /* Project object */;
			proxyType = 1;
			remoteGlobalIDString = 9FA8BD2374274AA6538F04CF;
			remoteInfo = BoxX;
		};
		EEF22C11F5A1BECC12DE652A /* PBXContainerItemProxy */ = {
			isa = PBXContainerItemProxy;
			containerPortal = 86708EBC0457A50D0A386ABA /* Project object */;
			proxyType = 1;
			remoteGlobalIDString = 82F6E97450DBF35857747666;
			remoteInfo = BoxXHelper;
		};
/* End PBXContainerItemProxy section */

/* Begin PBXFileReference section */
		00C26C4EA7E274BCAE3ED3DA /* XPCClient.swift */ = {isa = PBXFileReference; lastKnownFileType = sourcecode.swift; path = XPCClient.swift; sourceTree = "<group>"; };
		022E190D5DE58AE7AB373CA0 /* SubscriptionsView.swift */ = {isa = PBXFileReference; lastKnownFileType = sourcecode.swift; path = SubscriptionsView.swift; sourceTree = "<group>"; };
		08B2E2745BD1FB6D6EC8B7F3 /* RingBufferTests.swift */ = {isa = PBXFileReference; lastKnownFileType = sourcecode.swift; path = RingBufferTests.swift; sourceTree = "<group>"; };
		0BD7F2BEBB0D0D08B6687582 /* en */ = {isa = PBXFileReference; lastKnownFileType = text.plist.strings; name = en; path = en.lproj/Localizable.strings; sourceTree = "<group>"; };
		0EDCA672896DFD324138EC9E /* ConfigEngineTests.swift */ = {isa = PBXFileReference; lastKnownFileType = sourcecode.swift; path = ConfigEngineTests.swift; sourceTree = "<group>"; };
		14648562F958BE7DF9541A7F /* AppState.swift */ = {isa = PBXFileReference; lastKnownFileType = sourcecode.swift; path = AppState.swift; sourceTree = "<group>"; };
		167EFFD13A60A868D1FABC99 /* WakeObserver.swift */ = {isa = PBXFileReference; lastKnownFileType = sourcecode.swift; path = WakeObserver.swift; sourceTree = "<group>"; };
		18B87438B0C89B2C88F9B0D5 /* LogEntry.swift */ = {isa = PBXFileReference; lastKnownFileType = sourcecode.swift; path = LogEntry.swift; sourceTree = "<group>"; };
		223B0D94A0BDD5B469B1C6D3 /* Rule.swift */ = {isa = PBXFileReference; lastKnownFileType = sourcecode.swift; path = Rule.swift; sourceTree = "<group>"; };
		236316BA886FAF9975D7C310 /* OverviewView.swift */ = {isa = PBXFileReference; lastKnownFileType = sourcecode.swift; path = OverviewView.swift; sourceTree = "<group>"; };
		28863DF4368C71D5FFF7A186 /* BoxXHelper */ = {isa = PBXFileReference; includeInIndex = 0; path = BoxXHelper; sourceTree = BUILT_PRODUCTS_DIR; };
		2AFF60EAC876987ABDF8C54C /* ClashYAMLParserTests.swift */ = {isa = PBXFileReference; lastKnownFileType = sourcecode.swift; path = ClashYAMLParserTests.swift; sourceTree = "<group>"; };
		2FDFB6CABF9E7205E045907C /* ParsedProxy.swift */ = {isa = PBXFileReference; lastKnownFileType = sourcecode.swift; path = ParsedProxy.swift; sourceTree = "<group>"; };
		3233A78B55590B6DFD58E74C /* LogsView.swift */ = {isa = PBXFileReference; lastKnownFileType = sourcecode.swift; path = LogsView.swift; sourceTree = "<group>"; };
		33FF2D74D270C7533F9221B0 /* ClashAPI.swift */ = {isa = PBXFileReference; lastKnownFileType = sourcecode.swift; path = ClashAPI.swift; sourceTree = "<group>"; };
		359FAFDB5E064BD58048D440 /* Info.plist */ = {isa = PBXFileReference; lastKnownFileType = text.plist; path = Info.plist; sourceTree = "<group>"; };
		3A1528B619F372B267512D08 /* JSONValue.swift */ = {isa = PBXFileReference; lastKnownFileType = sourcecode.swift; path = JSONValue.swift; sourceTree = "<group>"; };
		3DB438A56B425DD4201D80DC /* FileWatcher.swift */ = {isa = PBXFileReference; lastKnownFileType = sourcecode.swift; path = FileWatcher.swift; sourceTree = "<group>"; };
		3E933712F9588A4920A916AD /* SingBoxJSONParser.swift */ = {isa = PBXFileReference; lastKnownFileType = sourcecode.swift; path = SingBoxJSONParser.swift; sourceTree = "<group>"; };
		46F312446DB749C20DF79E3D /* RuleSetManager.swift */ = {isa = PBXFileReference; lastKnownFileType = sourcecode.swift; path = RuleSetManager.swift; sourceTree = "<group>"; };
		4EA0BF8E5758326717E287B6 /* ClashWebSocket.swift */ = {isa = PBXFileReference; lastKnownFileType = sourcecode.swift; path = ClashWebSocket.swift; sourceTree = "<group>"; };
		5402AF02BFFEE79DF3A8DE7B /* zh-Hans */ = {isa = PBXFileReference; lastKnownFileType = text.plist.strings; name = "zh-Hans"; path = "zh-Hans.lproj/Localizable.strings"; sourceTree = "<group>"; };
		5A786DA30C59DB926BE25E5A /* Assets.xcassets */ = {isa = PBXFileReference; lastKnownFileType = folder.assetcatalog; path = Assets.xcassets; sourceTree = "<group>"; };
		70E1CBC5CE03DF6787AA4B06 /* SubscriptionFetcher.swift */ = {isa = PBXFileReference; lastKnownFileType = sourcecode.swift; path = SubscriptionFetcher.swift; sourceTree = "<group>"; };
		75C6C8DA5E09684647EA1B8F /* ConnectionModels.swift */ = {isa = PBXFileReference; lastKnownFileType = sourcecode.swift; path = ConnectionModels.swift; sourceTree = "<group>"; };
		7C95AF63924DE05973F05781 /* ClashYAMLParser.swift */ = {isa = PBXFileReference; lastKnownFileType = sourcecode.swift; path = ClashYAMLParser.swift; sourceTree = "<group>"; };
		7D1F107044EE7E7A2AC75600 /* AutoGrouper.swift */ = {isa = PBXFileReference; lastKnownFileType = sourcecode.swift; path = AutoGrouper.swift; sourceTree = "<group>"; };
		819D6CB6D0120EE89E9AFD9D /* BoxXApp.swift */ = {isa = PBXFileReference; lastKnownFileType = sourcecode.swift; path = BoxXApp.swift; sourceTree = "<group>"; };
		8CAEE62A30EDCED844892451 /* ConnectionsView.swift */ = {isa = PBXFileReference; lastKnownFileType = sourcecode.swift; path = ConnectionsView.swift; sourceTree = "<group>"; };
		948AD47BE12ADB6ABA0B02F4 /* SettingsView.swift */ = {isa = PBXFileReference; lastKnownFileType = sourcecode.swift; path = SettingsView.swift; sourceTree = "<group>"; };
		97686E1935EF18A1381BBA97 /* SwiftData.framework */ = {isa = PBXFileReference; lastKnownFileType = wrapper.framework; name = SwiftData.framework; path = System/Library/Frameworks/SwiftData.framework; sourceTree = SDKROOT; };
		978990E5B126418AE87D12CB /* SingBoxConfig.swift */ = {isa = PBXFileReference; lastKnownFileType = sourcecode.swift; path = SingBoxConfig.swift; sourceTree = "<group>"; };
		9AB458E77F97DBFFAE29805E /* BoxX.app */ = {isa = PBXFileReference; explicitFileType = wrapper.application; includeInIndex = 0; path = BoxX.app; sourceTree = BUILT_PRODUCTS_DIR; };
		9F9360A996360ED7484C86E3 /* RingBuffer.swift */ = {isa = PBXFileReference; lastKnownFileType = sourcecode.swift; path = RingBuffer.swift; sourceTree = "<group>"; };
		A2A6AEAB861E8AA72EA2E5E3 /* OutboundConfig.swift */ = {isa = PBXFileReference; lastKnownFileType = sourcecode.swift; path = OutboundConfig.swift; sourceTree = "<group>"; };
		A98575A5D775E837DBA98714 /* ExperimentalConfig.swift */ = {isa = PBXFileReference; lastKnownFileType = sourcecode.swift; path = ExperimentalConfig.swift; sourceTree = "<group>"; };
		AB3894A1ADD33B80A2ED9DF3 /* DNSConfig.swift */ = {isa = PBXFileReference; lastKnownFileType = sourcecode.swift; path = DNSConfig.swift; sourceTree = "<group>"; };
		AE8D01BF71F2F21A5137B99F /* JSONValueTests.swift */ = {isa = PBXFileReference; lastKnownFileType = sourcecode.swift; path = JSONValueTests.swift; sourceTree = "<group>"; };
		B1F605B3DA3C289944EC8E66 /* BoxXHelper.entitlements */ = {isa = PBXFileReference; lastKnownFileType = text.plist.entitlements; path = BoxXHelper.entitlements; sourceTree = "<group>"; };
		B338DCB7DE90B84AD9FC8007 /* AddRuleSheet.swift */ = {isa = PBXFileReference; lastKnownFileType = sourcecode.swift; path = AddRuleSheet.swift; sourceTree = "<group>"; };
		B65B5EDDE76159D34C31513B /* SubscriptionService.swift */ = {isa = PBXFileReference; lastKnownFileType = sourcecode.swift; path = SubscriptionService.swift; sourceTree = "<group>"; };
		BC97FA8D4B6846EB7C901F48 /* LogConfig.swift */ = {isa = PBXFileReference; lastKnownFileType = sourcecode.swift; path = LogConfig.swift; sourceTree = "<group>"; };
		C292DC1809C61C3195C3C227 /* DataModels.swift */ = {isa = PBXFileReference; lastKnownFileType = sourcecode.swift; path = DataModels.swift; sourceTree = "<group>"; };
		C2B86811409CA8AC5FE242B9 /* HelperProtocol.swift */ = {isa = PBXFileReference; lastKnownFileType = sourcecode.swift; path = HelperProtocol.swift; sourceTree = "<group>"; };
		C5825098AE2B49A633D0A58A /* ConfigEngine.swift */ = {isa = PBXFileReference; lastKnownFileType = sourcecode.swift; path = ConfigEngine.swift; sourceTree = "<group>"; };
		C6FFD72F51F8022D51A9B97F /* ClashAPITests.swift */ = {isa = PBXFileReference; lastKnownFileType = sourcecode.swift; path = ClashAPITests.swift; sourceTree = "<group>"; };
		C92D36E087DFEB3FE6AC5111 /* main.swift */ = {isa = PBXFileReference; lastKnownFileType = sourcecode.swift; path = main.swift; sourceTree = "<group>"; };
		CD16CD3ADCFA348808284DC0 /* BoxXTests.xctest */ = {isa = PBXFileReference; explicitFileType = wrapper.cfbundle; includeInIndex = 0; path = BoxXTests.xctest; sourceTree = BUILT_PRODUCTS_DIR; };
		D66DA05B940CC40693AB69E6 /* config.json */ = {isa = PBXFileReference; lastKnownFileType = text.json; path = config.json; sourceTree = "<group>"; };
		D67DE93C42F2614F14BE4375 /* RulesView.swift */ = {isa = PBXFileReference; lastKnownFileType = sourcecode.swift; path = RulesView.swift; sourceTree = "<group>"; };
		D8254EFC2D2594D80531A454 /* MenuBarController.swift */ = {isa = PBXFileReference; lastKnownFileType = sourcecode.swift; path = MenuBarController.swift; sourceTree = "<group>"; };
		DC8356E67918A3E954AF83EA /* ProxyModels.swift */ = {isa = PBXFileReference; lastKnownFileType = sourcecode.swift; path = ProxyModels.swift; sourceTree = "<group>"; };
		DE0AB6349EE68DC78FC26EB5 /* BoxX.entitlements */ = {isa = PBXFileReference; lastKnownFileType = text.plist.entitlements; path = BoxX.entitlements; sourceTree = "<group>"; };
		DE353F21CA0E9C04DF5D59DE /* AutoGrouperTests.swift */ = {isa = PBXFileReference; lastKnownFileType = sourcecode.swift; path = AutoGrouperTests.swift; sourceTree = "<group>"; };
		E43674654CE4FEB3AE5A3CDD /* BuiltinRuleSet.swift */ = {isa = PBXFileReference; lastKnownFileType = sourcecode.swift; path = BuiltinRuleSet.swift; sourceTree = "<group>"; };
		E48921823F47E8A8BA52DDAB /* SingBoxProcess.swift */ = {isa = PBXFileReference; lastKnownFileType = sourcecode.swift; path = SingBoxProcess.swift; sourceTree = "<group>"; };
		E773F3A6B33BEDE219ED24CB /* SingBoxJSONParserTests.swift */ = {isa = PBXFileReference; lastKnownFileType = sourcecode.swift; path = SingBoxJSONParserTests.swift; sourceTree = "<group>"; };
		EC8094DC64A4C5660F62F8AE /* RouteConfig.swift */ = {isa = PBXFileReference; lastKnownFileType = sourcecode.swift; path = RouteConfig.swift; sourceTree = "<group>"; };
		ED348366D4264B44087DB5E9 /* ProxyModelsTests.swift */ = {isa = PBXFileReference; lastKnownFileType = sourcecode.swift; path = ProxyModelsTests.swift; sourceTree = "<group>"; };
		F1938ECE20FFDCBC5DA86303 /* MainView.swift */ = {isa = PBXFileReference; lastKnownFileType = sourcecode.swift; path = MainView.swift; sourceTree = "<group>"; };
		F5BD437B4F6F076959897C90 /* ProxiesView.swift */ = {isa = PBXFileReference; lastKnownFileType = sourcecode.swift; path = ProxiesView.swift; sourceTree = "<group>"; };
		FA2C045DE653866E54C14171 /* OutboundConfigTests.swift */ = {isa = PBXFileReference; lastKnownFileType = sourcecode.swift; path = OutboundConfigTests.swift; sourceTree = "<group>"; };
		FCA03BDC9BCFC3FF757537A7 /* InboundConfig.swift */ = {isa = PBXFileReference; lastKnownFileType = sourcecode.swift; path = InboundConfig.swift; sourceTree = "<group>"; };
		FD1E0C1D62CC61996C5615F5 /* BoxXTests.swift */ = {isa = PBXFileReference; lastKnownFileType = sourcecode.swift; path = BoxXTests.swift; sourceTree = "<group>"; };
/* End PBXFileReference section */

/* Begin PBXFrameworksBuildPhase section */
		7E685C20E0CFD1665D0C8066 /* Frameworks */ = {
			isa = PBXFrameworksBuildPhase;
			buildActionMask = 2147483647;
			files = (
				963462A43886911BEC9D2CD8 /* SwiftData.framework in Frameworks */,
			);
			runOnlyForDeploymentPostprocessing = 0;
		};
/* End PBXFrameworksBuildPhase section */

/* Begin PBXGroup section */
		0A9A0694BCE295CB04A5E781 /* Products */ = {
			isa = PBXGroup;
			children = (
				9AB458E77F97DBFFAE29805E /* BoxX.app */,
				28863DF4368C71D5FFF7A186 /* BoxXHelper */,
				CD16CD3ADCFA348808284DC0 /* BoxXTests.xctest */,
			);
			name = Products;
			sourceTree = "<group>";
		};
		0E7AE0078F81DDDD35CFADD7 /* Services */ = {
			isa = PBXGroup;
			children = (
				7D1F107044EE7E7A2AC75600 /* AutoGrouper.swift */,
				33FF2D74D270C7533F9221B0 /* ClashAPI.swift */,
				4EA0BF8E5758326717E287B6 /* ClashWebSocket.swift */,
				7C95AF63924DE05973F05781 /* ClashYAMLParser.swift */,
				C5825098AE2B49A633D0A58A /* ConfigEngine.swift */,
				3DB438A56B425DD4201D80DC /* FileWatcher.swift */,
				46F312446DB749C20DF79E3D /* RuleSetManager.swift */,
				3E933712F9588A4920A916AD /* SingBoxJSONParser.swift */,
				E48921823F47E8A8BA52DDAB /* SingBoxProcess.swift */,
				70E1CBC5CE03DF6787AA4B06 /* SubscriptionFetcher.swift */,
				B65B5EDDE76159D34C31513B /* SubscriptionService.swift */,
				167EFFD13A60A868D1FABC99 /* WakeObserver.swift */,
				00C26C4EA7E274BCAE3ED3DA /* XPCClient.swift */,
			);
			path = Services;
			sourceTree = "<group>";
		};
		15C9EB85D466CC2681BE9634 /* Helpers */ = {
			isa = PBXGroup;
			children = (
				9F9360A996360ED7484C86E3 /* RingBuffer.swift */,
			);
			path = Helpers;
			sourceTree = "<group>";
		};
		40F0056BCE5BF8312CE41915 /* Tests */ = {
			isa = PBXGroup;
			children = (
				DE353F21CA0E9C04DF5D59DE /* AutoGrouperTests.swift */,
				FD1E0C1D62CC61996C5615F5 /* BoxXTests.swift */,
				C6FFD72F51F8022D51A9B97F /* ClashAPITests.swift */,
				2AFF60EAC876987ABDF8C54C /* ClashYAMLParserTests.swift */,
				0EDCA672896DFD324138EC9E /* ConfigEngineTests.swift */,
				AE8D01BF71F2F21A5137B99F /* JSONValueTests.swift */,
				FA2C045DE653866E54C14171 /* OutboundConfigTests.swift */,
				ED348366D4264B44087DB5E9 /* ProxyModelsTests.swift */,
				08B2E2745BD1FB6D6EC8B7F3 /* RingBufferTests.swift */,
				E773F3A6B33BEDE219ED24CB /* SingBoxJSONParserTests.swift */,
				D973542964CC5546415F9B3C /* Fixtures */,
			);
			path = Tests;
			sourceTree = "<group>";
		};
		77EB46A4DA9505D2877110A7 /* MenuBar */ = {
			isa = PBXGroup;
			children = (
				D8254EFC2D2594D80531A454 /* MenuBarController.swift */,
			);
			path = MenuBar;
			sourceTree = "<group>";
		};
		82496905FC176FE1CEF379E6 /* Frameworks */ = {
			isa = PBXGroup;
			children = (
				97686E1935EF18A1381BBA97 /* SwiftData.framework */,
			);
			name = Frameworks;
			sourceTree = "<group>";
		};
		87CC323DACF69ABBD4A9981E /* BoxXHelper */ = {
			isa = PBXGroup;
			children = (
				B1F605B3DA3C289944EC8E66 /* BoxXHelper.entitlements */,
				C92D36E087DFEB3FE6AC5111 /* main.swift */,
			);
			path = BoxXHelper;
			sourceTree = "<group>";
		};
		89029C1F85F30E0BA85B93F0 = {
			isa = PBXGroup;
			children = (
				B7B2A09ED397B4B5E6B21233 /* BoxX */,
				87CC323DACF69ABBD4A9981E /* BoxXHelper */,
				B6844612DBE1F081F3A6B218 /* Shared */,
				40F0056BCE5BF8312CE41915 /* Tests */,
				82496905FC176FE1CEF379E6 /* Frameworks */,
				0A9A0694BCE295CB04A5E781 /* Products */,
			);
			sourceTree = "<group>";
		};
		94DF0A965477D2F940DA90B9 /* SwiftData */ = {
			isa = PBXGroup;
			children = (
				C292DC1809C61C3195C3C227 /* DataModels.swift */,
			);
			path = SwiftData;
			sourceTree = "<group>";
		};
		A8B70330834890FBCFD372D7 /* Views */ = {
			isa = PBXGroup;
			children = (
				B338DCB7DE90B84AD9FC8007 /* AddRuleSheet.swift */,
				8CAEE62A30EDCED844892451 /* ConnectionsView.swift */,
				3233A78B55590B6DFD58E74C /* LogsView.swift */,
				F1938ECE20FFDCBC5DA86303 /* MainView.swift */,
				236316BA886FAF9975D7C310 /* OverviewView.swift */,
				F5BD437B4F6F076959897C90 /* ProxiesView.swift */,
				D67DE93C42F2614F14BE4375 /* RulesView.swift */,
				948AD47BE12ADB6ABA0B02F4 /* SettingsView.swift */,
				022E190D5DE58AE7AB373CA0 /* SubscriptionsView.swift */,
			);
			path = Views;
			sourceTree = "<group>";
		};
		B6844612DBE1F081F3A6B218 /* Shared */ = {
			isa = PBXGroup;
			children = (
				C2B86811409CA8AC5FE242B9 /* HelperProtocol.swift */,
			);
			path = Shared;
			sourceTree = "<group>";
		};
		B7B2A09ED397B4B5E6B21233 /* BoxX */ = {
			isa = PBXGroup;
			children = (
				DE0AB6349EE68DC78FC26EB5 /* BoxX.entitlements */,
				819D6CB6D0120EE89E9AFD9D /* BoxXApp.swift */,
				359FAFDB5E064BD58048D440 /* Info.plist */,
				15C9EB85D466CC2681BE9634 /* Helpers */,
				77EB46A4DA9505D2877110A7 /* MenuBar */,
				BAF9D2289787A0E79DF2F235 /* Models */,
				D351E9ABE87E6AFF7A7F140D /* Resources */,
				0E7AE0078F81DDDD35CFADD7 /* Services */,
				94DF0A965477D2F940DA90B9 /* SwiftData */,
				A8B70330834890FBCFD372D7 /* Views */,
			);
			path = BoxX;
			sourceTree = "<group>";
		};
		BAF9D2289787A0E79DF2F235 /* Models */ = {
			isa = PBXGroup;
			children = (
				14648562F958BE7DF9541A7F /* AppState.swift */,
				E43674654CE4FEB3AE5A3CDD /* BuiltinRuleSet.swift */,
				75C6C8DA5E09684647EA1B8F /* ConnectionModels.swift */,
				AB3894A1ADD33B80A2ED9DF3 /* DNSConfig.swift */,
				A98575A5D775E837DBA98714 /* ExperimentalConfig.swift */,
				FCA03BDC9BCFC3FF757537A7 /* InboundConfig.swift */,
				3A1528B619F372B267512D08 /* JSONValue.swift */,
				BC97FA8D4B6846EB7C901F48 /* LogConfig.swift */,
				18B87438B0C89B2C88F9B0D5 /* LogEntry.swift */,
				A2A6AEAB861E8AA72EA2E5E3 /* OutboundConfig.swift */,
				2FDFB6CABF9E7205E045907C /* ParsedProxy.swift */,
				DC8356E67918A3E954AF83EA /* ProxyModels.swift */,
				EC8094DC64A4C5660F62F8AE /* RouteConfig.swift */,
				223B0D94A0BDD5B469B1C6D3 /* Rule.swift */,
				978990E5B126418AE87D12CB /* SingBoxConfig.swift */,
			);
			path = Models;
			sourceTree = "<group>";
		};
		D351E9ABE87E6AFF7A7F140D /* Resources */ = {
			isa = PBXGroup;
			children = (
				5A786DA30C59DB926BE25E5A /* Assets.xcassets */,
				CC8166B671B895FBCAA5ADBF /* Localizable.strings */,
			);
			path = Resources;
			sourceTree = "<group>";
		};
		D973542964CC5546415F9B3C /* Fixtures */ = {
			isa = PBXGroup;
			children = (
				D66DA05B940CC40693AB69E6 /* config.json */,
			);
			path = Fixtures;
			sourceTree = "<group>";
		};
/* End PBXGroup section */

/* Begin PBXNativeTarget section */
		82F6E97450DBF35857747666 /* BoxXHelper */ = {
			isa = PBXNativeTarget;
			buildConfigurationList = F132FF95354D36B5A1F526C4 /* Build configuration list for PBXNativeTarget "BoxXHelper" */;
			buildPhases = (
				41B4743C07DE431C0ADCE261 /* Sources */,
			);
			buildRules = (
			);
			dependencies = (
			);
			name = BoxXHelper;
			packageProductDependencies = (
			);
			productName = BoxXHelper;
			productReference = 28863DF4368C71D5FFF7A186 /* BoxXHelper */;
			productType = "com.apple.product-type.tool";
		};
		9FA8BD2374274AA6538F04CF /* BoxX */ = {
			isa = PBXNativeTarget;
			buildConfigurationList = 18DF7A99D8F92CF33A73B5AC /* Build configuration list for PBXNativeTarget "BoxX" */;
			buildPhases = (
				1B59DD60D261C65B7419DD95 /* Sources */,
				DFF8BD0BE27D1EB818A50173 /* Resources */,
				7E685C20E0CFD1665D0C8066 /* Frameworks */,
				47EDD7E1AC8C7AE44832FE58 /* Embed Helper binary and plist */,
			);
			buildRules = (
			);
			dependencies = (
				4C48352892A41B01BA757CAB /* PBXTargetDependency */,
			);
			name = BoxX;
			packageProductDependencies = (
			);
			productName = BoxX;
			productReference = 9AB458E77F97DBFFAE29805E /* BoxX.app */;
			productType = "com.apple.product-type.application";
		};
		CEB4AB5ABC388B3742AABC11 /* BoxXTests */ = {
			isa = PBXNativeTarget;
			buildConfigurationList = F4C5F874FB273BC6DF50F012 /* Build configuration list for PBXNativeTarget "BoxXTests" */;
			buildPhases = (
				555C8449FA8A80D19E384D1F /* Sources */,
				44CAF425AC78E87872DB6D99 /* Resources */,
			);
			buildRules = (
			);
			dependencies = (
				F7575DCE6A6314C022FD2B82 /* PBXTargetDependency */,
			);
			name = BoxXTests;
			packageProductDependencies = (
			);
			productName = BoxXTests;
			productReference = CD16CD3ADCFA348808284DC0 /* BoxXTests.xctest */;
			productType = "com.apple.product-type.bundle.unit-test";
		};
/* End PBXNativeTarget section */

/* Begin PBXProject section */
		86708EBC0457A50D0A386ABA /* Project object */ = {
			isa = PBXProject;
			attributes = {
				BuildIndependentTargetsInParallel = YES;
				LastUpgradeCheck = 1600;
				TargetAttributes = {
				};
			};
			buildConfigurationList = D8B00D1767AC43E64C5C458A /* Build configuration list for PBXProject "BoxX" */;
			developmentRegion = en;
			hasScannedForEncodings = 0;
			knownRegions = (
				Base,
				en,
				"zh-Hans",
			);
			mainGroup = 89029C1F85F30E0BA85B93F0;
			minimizedProjectReferenceProxies = 1;
			preferredProjectObjectVersion = 77;
			productRefGroup = 0A9A0694BCE295CB04A5E781 /* Products */;
			projectDirPath = "";
			projectRoot = "";
			targets = (
				9FA8BD2374274AA6538F04CF /* BoxX */,
				82F6E97450DBF35857747666 /* BoxXHelper */,
				CEB4AB5ABC388B3742AABC11 /* BoxXTests */,
			);
		};
/* End PBXProject section */

/* Begin PBXResourcesBuildPhase section */
		44CAF425AC78E87872DB6D99 /* Resources */ = {
			isa = PBXResourcesBuildPhase;
			buildActionMask = 2147483647;
			files = (
				83473B83FEE9C71B170A7B7D /* config.json in Resources */,
			);
			runOnlyForDeploymentPostprocessing = 0;
		};
		DFF8BD0BE27D1EB818A50173 /* Resources */ = {
			isa = PBXResourcesBuildPhase;
			buildActionMask = 2147483647;
			files = (
				8189A52951925CA4152F7C88 /* Assets.xcassets in Resources */,
				1E2427A7F9419BC567A20DFB /* Localizable.strings in Resources */,
			);
			runOnlyForDeploymentPostprocessing = 0;
		};
/* End PBXResourcesBuildPhase section */

/* Begin PBXShellScriptBuildPhase section */
		47EDD7E1AC8C7AE44832FE58 /* Embed Helper binary and plist */ = {
			isa = PBXShellScriptBuildPhase;
			alwaysOutOfDate = 1;
			buildActionMask = 2147483647;
			files = (
			);
			inputFileListPaths = (
			);
			inputPaths = (
			);
			name = "Embed Helper binary and plist";
			outputFileListPaths = (
			);
			outputPaths = (
			);
			runOnlyForDeploymentPostprocessing = 0;
			shellPath = /bin/sh;
			shellScript = "DAEMON_DIR=\"${BUILT_PRODUCTS_DIR}/${WRAPPER_NAME}/Contents/Library/LaunchDaemons\"\nmkdir -p \"${DAEMON_DIR}\"\ncp \"${BUILT_PRODUCTS_DIR}/BoxXHelper\" \"${DAEMON_DIR}/BoxXHelper\"\ncp \"${SRCROOT}/BoxXHelper/launchd.plist\" \"${DAEMON_DIR}/com.boxx.helper.plist\"\n";
		};
/* End PBXShellScriptBuildPhase section */

/* Begin PBXSourcesBuildPhase section */
		1B59DD60D261C65B7419DD95 /* Sources */ = {
			isa = PBXSourcesBuildPhase;
			buildActionMask = 2147483647;
			files = (
				C98DC03EB3377D52C59A0277 /* AddRuleSheet.swift in Sources */,
				A3072BC62B8FEB7F752979F1 /* AppState.swift in Sources */,
				C2DA449DAC046D928ADFB90E /* AutoGrouper.swift in Sources */,
				A4833F03D896633115A6F126 /* BoxXApp.swift in Sources */,
				A6C70809E9CF4B3F59BB4C45 /* BuiltinRuleSet.swift in Sources */,
				CA6DC01BBEC49CE5915F2F29 /* ClashAPI.swift in Sources */,
				E90CA122DD57879F17A9FDA6 /* ClashWebSocket.swift in Sources */,
				A599F8C2FFCE6EEF8705B6CA /* ClashYAMLParser.swift in Sources */,
				B3A4AB992CAD4EC97531B42F /* ConfigEngine.swift in Sources */,
				0D10454861463E5EEB9DE78A /* ConnectionModels.swift in Sources */,
				F2796695A657AA73B939B202 /* ConnectionsView.swift in Sources */,
				E79724C91A58535D716F7685 /* DNSConfig.swift in Sources */,
				6D2EBC2502369E291AE320B5 /* DataModels.swift in Sources */,
				FA13DABBE1CB5BDF70828E66 /* ExperimentalConfig.swift in Sources */,
				1765CC16E758DB82252599D4 /* FileWatcher.swift in Sources */,
				B8DDBD2425BD0A0C188D29F0 /* HelperProtocol.swift in Sources */,
				069C68571727339D4CD04366 /* InboundConfig.swift in Sources */,
				D5498A761A9319491C616D5A /* JSONValue.swift in Sources */,
				9E85A43A0EFE7AD48BA748B9 /* LogConfig.swift in Sources */,
				1B2E597D5AE730484942B423 /* LogEntry.swift in Sources */,
				AAD0AC2F8AF0311D9A05DD6F /* LogsView.swift in Sources */,
				6D00AD4A6A04326D33137ED0 /* MainView.swift in Sources */,
				368388499DF522127CE5843B /* MenuBarController.swift in Sources */,
				633D1C59207385917825B026 /* OutboundConfig.swift in Sources */,
				ADE55A7DEDFBFCF4966F3DBD /* OverviewView.swift in Sources */,
				AF70DEFEF9561D21C86E583B /* ParsedProxy.swift in Sources */,
				BA39303F0FBFFBAE241596A8 /* ProxiesView.swift in Sources */,
				A8E081B2AD059A3352B38643 /* ProxyModels.swift in Sources */,
				53B52F9D001AF0CB95F78C66 /* RingBuffer.swift in Sources */,
				6BDB4F66FDC4F1A6D35C6EBA /* RouteConfig.swift in Sources */,
				411B3E0DBF4B1C99FE5923B5 /* Rule.swift in Sources */,
				2DF660EAF9B822BD61E3BB70 /* RuleSetManager.swift in Sources */,
				CA555942B8B8494999381A5F /* RulesView.swift in Sources */,
				39EA029175CED929C253468B /* SettingsView.swift in Sources */,
				60202CF3DF8681CD0E864087 /* SingBoxConfig.swift in Sources */,
				EA7D5850BAD79996E1D08848 /* SingBoxJSONParser.swift in Sources */,
				36277799D5F3B4516B837900 /* SingBoxProcess.swift in Sources */,
				FCEDFA3F770C35008D856FA3 /* SubscriptionFetcher.swift in Sources */,
				334B133A0825CF16ABA42884 /* SubscriptionService.swift in Sources */,
				DED450B7F9568D9FE1B70C96 /* SubscriptionsView.swift in Sources */,
				0B6B497093E5A0C9819B0E9A /* WakeObserver.swift in Sources */,
				9810895EDCCB6C76A9B284C3 /* XPCClient.swift in Sources */,
			);
			runOnlyForDeploymentPostprocessing = 0;
		};
		41B4743C07DE431C0ADCE261 /* Sources */ = {
			isa = PBXSourcesBuildPhase;
			buildActionMask = 2147483647;
			files = (
				025B6A0E7AE6D1AD095F2436 /* HelperProtocol.swift in Sources */,
				33BF5225C7BA62C13F7D3804 /* main.swift in Sources */,
			);
			runOnlyForDeploymentPostprocessing = 0;
		};
		555C8449FA8A80D19E384D1F /* Sources */ = {
			isa = PBXSourcesBuildPhase;
			buildActionMask = 2147483647;
			files = (
				D722833526F9A3AC5C92E1C8 /* AutoGrouperTests.swift in Sources */,
				C28118A8B37F0BD909ABAF5D /* BoxXTests.swift in Sources */,
				8A47BB92E28FACF32C838A05 /* ClashAPITests.swift in Sources */,
				ABF5219BC4BB5079D2A82B87 /* ClashYAMLParserTests.swift in Sources */,
				E27B3A934011CD4D322519DD /* ConfigEngineTests.swift in Sources */,
				7A8B62CF433218E270AC8878 /* HelperProtocol.swift in Sources */,
				FDC35FBD2B57453A57E1B704 /* JSONValueTests.swift in Sources */,
				B67AF501AE3B8D8096D46095 /* OutboundConfigTests.swift in Sources */,
				D6E71EB2B460AF350CA00140 /* ProxyModelsTests.swift in Sources */,
				ED796EFF6EB83CE60430DA4E /* RingBufferTests.swift in Sources */,
				AAB2F1F8E8E1760BE04E27C7 /* SingBoxJSONParserTests.swift in Sources */,
			);
			runOnlyForDeploymentPostprocessing = 0;
		};
/* End PBXSourcesBuildPhase section */

/* Begin PBXTargetDependency section */
		4C48352892A41B01BA757CAB /* PBXTargetDependency */ = {
			isa = PBXTargetDependency;
			target = 82F6E97450DBF35857747666 /* BoxXHelper */;
			targetProxy = EEF22C11F5A1BECC12DE652A /* PBXContainerItemProxy */;
		};
		F7575DCE6A6314C022FD2B82 /* PBXTargetDependency */ = {
			isa = PBXTargetDependency;
			target = 9FA8BD2374274AA6538F04CF /* BoxX */;
			targetProxy = CF8815211F5EFC9AF297825A /* PBXContainerItemProxy */;
		};
/* End PBXTargetDependency section */

/* Begin PBXVariantGroup section */
		CC8166B671B895FBCAA5ADBF /* Localizable.strings */ = {
			isa = PBXVariantGroup;
			children = (
				0BD7F2BEBB0D0D08B6687582 /* en */,
				5402AF02BFFEE79DF3A8DE7B /* zh-Hans */,
			);
			name = Localizable.strings;
			sourceTree = "<group>";
		};
/* End PBXVariantGroup section */

/* Begin XCBuildConfiguration section */
		33CF79EEC36A87F456A7126A /* Release */ = {
			isa = XCBuildConfiguration;
			buildSettings = {
				ALWAYS_SEARCH_USER_PATHS = NO;
				CLANG_ANALYZER_NONNULL = YES;
				CLANG_ANALYZER_NUMBER_OBJECT_CONVERSION = YES_AGGRESSIVE;
				CLANG_CXX_LANGUAGE_STANDARD = "gnu++14";
				CLANG_CXX_LIBRARY = "libc++";
				CLANG_ENABLE_MODULES = YES;
				CLANG_ENABLE_OBJC_ARC = YES;
				CLANG_ENABLE_OBJC_WEAK = YES;
				CLANG_WARN_BLOCK_CAPTURE_AUTORELEASING = YES;
				CLANG_WARN_BOOL_CONVERSION = YES;
				CLANG_WARN_COMMA = YES;
				CLANG_WARN_CONSTANT_CONVERSION = YES;
				CLANG_WARN_DEPRECATED_OBJC_IMPLEMENTATIONS = YES;
				CLANG_WARN_DIRECT_OBJC_ISA_USAGE = YES_ERROR;
				CLANG_WARN_DOCUMENTATION_COMMENTS = YES;
				CLANG_WARN_EMPTY_BODY = YES;
				CLANG_WARN_ENUM_CONVERSION = YES;
				CLANG_WARN_INFINITE_RECURSION = YES;
				CLANG_WARN_INT_CONVERSION = YES;
				CLANG_WARN_NON_LITERAL_NULL_CONVERSION = YES;
				CLANG_WARN_OBJC_IMPLICIT_RETAIN_SELF = YES;
				CLANG_WARN_OBJC_LITERAL_CONVERSION = YES;
				CLANG_WARN_OBJC_ROOT_CLASS = YES_ERROR;
				CLANG_WARN_QUOTED_INCLUDE_IN_FRAMEWORK_HEADER = YES;
				CLANG_WARN_RANGE_LOOP_ANALYSIS = YES;
				CLANG_WARN_STRICT_PROTOTYPES = YES;
				CLANG_WARN_SUSPICIOUS_MOVE = YES;
				CLANG_WARN_UNGUARDED_AVAILABILITY = YES_AGGRESSIVE;
				CLANG_WARN_UNREACHABLE_CODE = YES;
				CLANG_WARN__DUPLICATE_METHOD_MATCH = YES;
				COPY_PHASE_STRIP = NO;
				DEBUG_INFORMATION_FORMAT = "dwarf-with-dsym";
				ENABLE_NS_ASSERTIONS = NO;
				ENABLE_STRICT_OBJC_MSGSEND = YES;
				GCC_C_LANGUAGE_STANDARD = gnu11;
				GCC_NO_COMMON_BLOCKS = YES;
				GCC_WARN_64_TO_32_BIT_CONVERSION = YES;
				GCC_WARN_ABOUT_RETURN_TYPE = YES_ERROR;
				GCC_WARN_UNDECLARED_SELECTOR = YES;
				GCC_WARN_UNINITIALIZED_AUTOS = YES_AGGRESSIVE;
				GCC_WARN_UNUSED_FUNCTION = YES;
				GCC_WARN_UNUSED_VARIABLE = YES;
				MACOSX_DEPLOYMENT_TARGET = 14.0;
				MTL_ENABLE_DEBUG_INFO = NO;
				MTL_FAST_MATH = YES;
				PRODUCT_NAME = "$(TARGET_NAME)";
				SDKROOT = macosx;
				SWIFT_COMPILATION_MODE = wholemodule;
				SWIFT_OPTIMIZATION_LEVEL = "-O";
				SWIFT_STRICT_CONCURRENCY = minimal;
				SWIFT_VERSION = 6.0;
			};
			name = Release;
		};
		36C6A3AFCD06E451B56A2800 /* Debug */ = {
			isa = XCBuildConfiguration;
			buildSettings = {
				BUNDLE_LOADER = "$(TEST_HOST)";
				COMBINE_HIDPI_IMAGES = YES;
				GENERATE_INFOPLIST_FILE = YES;
				LD_RUNPATH_SEARCH_PATHS = (
					"$(inherited)",
					"@executable_path/../Frameworks",
					"@loader_path/../Frameworks",
				);
				PRODUCT_BUNDLE_IDENTIFIER = com.boxx.tests;
				SDKROOT = macosx;
				TEST_HOST = "$(BUILT_PRODUCTS_DIR)/BoxX.app/Contents/MacOS/BoxX";
			};
			name = Debug;
		};
		36D01FB9E751D4AD895CE80A /* Debug */ = {
			isa = XCBuildConfiguration;
			buildSettings = {
				ASSETCATALOG_COMPILER_APPICON_NAME = AppIcon;
				CODE_SIGN_ENTITLEMENTS = BoxX/BoxX.entitlements;
				CODE_SIGN_IDENTITY = "-";
				COMBINE_HIDPI_IMAGES = YES;
				ENABLE_HARDENED_RUNTIME = YES;
				INFOPLIST_FILE = BoxX/Info.plist;
				LD_RUNPATH_SEARCH_PATHS = "@executable_path/../Frameworks";
				PRODUCT_BUNDLE_IDENTIFIER = com.boxx.app;
				SDKROOT = macosx;
			};
			name = Debug;
		};
		466125D8F83CCC25B9D30F28 /* Release */ = {
			isa = XCBuildConfiguration;
			buildSettings = {
				ASSETCATALOG_COMPILER_APPICON_NAME = AppIcon;
				CODE_SIGN_ENTITLEMENTS = BoxX/BoxX.entitlements;
				CODE_SIGN_IDENTITY = "-";
				COMBINE_HIDPI_IMAGES = YES;
				ENABLE_HARDENED_RUNTIME = YES;
				INFOPLIST_FILE = BoxX/Info.plist;
				LD_RUNPATH_SEARCH_PATHS = "@executable_path/../Frameworks";
				PRODUCT_BUNDLE_IDENTIFIER = com.boxx.app;
				SDKROOT = macosx;
			};
			name = Release;
		};
		4E4ED6BF9688622AA88D0274 /* Debug */ = {
			isa = XCBuildConfiguration;
			buildSettings = {
				CODE_SIGN_ENTITLEMENTS = BoxXHelper/BoxXHelper.entitlements;
				CODE_SIGN_IDENTITY = "-";
				COMBINE_HIDPI_IMAGES = YES;
				ENABLE_HARDENED_RUNTIME = YES;
				INFOPLIST_FILE = BoxXHelper/Info.plist;
				LD_RUNPATH_SEARCH_PATHS = (
					"$(inherited)",
					"@executable_path/../Frameworks",
				);
				PRODUCT_BUNDLE_IDENTIFIER = com.boxx.helper;
				SDKROOT = macosx;
				SKIP_INSTALL = YES;
			};
			name = Debug;
		};
		8B5206138E3F9ED9F756BA64 /* Debug */ = {
			isa = XCBuildConfiguration;
			buildSettings = {
				ALWAYS_SEARCH_USER_PATHS = NO;
				CLANG_ANALYZER_NONNULL = YES;
				CLANG_ANALYZER_NUMBER_OBJECT_CONVERSION = YES_AGGRESSIVE;
				CLANG_CXX_LANGUAGE_STANDARD = "gnu++14";
				CLANG_CXX_LIBRARY = "libc++";
				CLANG_ENABLE_MODULES = YES;
				CLANG_ENABLE_OBJC_ARC = YES;
				CLANG_ENABLE_OBJC_WEAK = YES;
				CLANG_WARN_BLOCK_CAPTURE_AUTORELEASING = YES;
				CLANG_WARN_BOOL_CONVERSION = YES;
				CLANG_WARN_COMMA = YES;
				CLANG_WARN_CONSTANT_CONVERSION = YES;
				CLANG_WARN_DEPRECATED_OBJC_IMPLEMENTATIONS = YES;
				CLANG_WARN_DIRECT_OBJC_ISA_USAGE = YES_ERROR;
				CLANG_WARN_DOCUMENTATION_COMMENTS = YES;
				CLANG_WARN_EMPTY_BODY = YES;
				CLANG_WARN_ENUM_CONVERSION = YES;
				CLANG_WARN_INFINITE_RECURSION = YES;
				CLANG_WARN_INT_CONVERSION = YES;
				CLANG_WARN_NON_LITERAL_NULL_CONVERSION = YES;
				CLANG_WARN_OBJC_IMPLICIT_RETAIN_SELF = YES;
				CLANG_WARN_OBJC_LITERAL_CONVERSION = YES;
				CLANG_WARN_OBJC_ROOT_CLASS = YES_ERROR;
				CLANG_WARN_QUOTED_INCLUDE_IN_FRAMEWORK_HEADER = YES;
				CLANG_WARN_RANGE_LOOP_ANALYSIS = YES;
				CLANG_WARN_STRICT_PROTOTYPES = YES;
				CLANG_WARN_SUSPICIOUS_MOVE = YES;
				CLANG_WARN_UNGUARDED_AVAILABILITY = YES_AGGRESSIVE;
				CLANG_WARN_UNREACHABLE_CODE = YES;
				CLANG_WARN__DUPLICATE_METHOD_MATCH = YES;
				COPY_PHASE_STRIP = NO;
				DEBUG_INFORMATION_FORMAT = dwarf;
				ENABLE_STRICT_OBJC_MSGSEND = YES;
				ENABLE_TESTABILITY = YES;
				GCC_C_LANGUAGE_STANDARD = gnu11;
				GCC_DYNAMIC_NO_PIC = NO;
				GCC_NO_COMMON_BLOCKS = YES;
				GCC_OPTIMIZATION_LEVEL = 0;
				GCC_PREPROCESSOR_DEFINITIONS = (
					"$(inherited)",
					"DEBUG=1",
				);
				GCC_WARN_64_TO_32_BIT_CONVERSION = YES;
				GCC_WARN_ABOUT_RETURN_TYPE = YES_ERROR;
				GCC_WARN_UNDECLARED_SELECTOR = YES;
				GCC_WARN_UNINITIALIZED_AUTOS = YES_AGGRESSIVE;
				GCC_WARN_UNUSED_FUNCTION = YES;
				GCC_WARN_UNUSED_VARIABLE = YES;
				MACOSX_DEPLOYMENT_TARGET = 14.0;
				MTL_ENABLE_DEBUG_INFO = INCLUDE_SOURCE;
				MTL_FAST_MATH = YES;
				ONLY_ACTIVE_ARCH = YES;
				PRODUCT_NAME = "$(TARGET_NAME)";
				SDKROOT = macosx;
				SWIFT_ACTIVE_COMPILATION_CONDITIONS = DEBUG;
				SWIFT_OPTIMIZATION_LEVEL = "-Onone";
				SWIFT_STRICT_CONCURRENCY = minimal;
				SWIFT_VERSION = 6.0;
			};
			name = Debug;
		};
		9AFB6C85F832591985368704 /* Release */ = {
			isa = XCBuildConfiguration;
			buildSettings = {
				CODE_SIGN_ENTITLEMENTS = BoxXHelper/BoxXHelper.entitlements;
				CODE_SIGN_IDENTITY = "-";
				COMBINE_HIDPI_IMAGES = YES;
				ENABLE_HARDENED_RUNTIME = YES;
				INFOPLIST_FILE = BoxXHelper/Info.plist;
				LD_RUNPATH_SEARCH_PATHS = (
					"$(inherited)",
					"@executable_path/../Frameworks",
				);
				PRODUCT_BUNDLE_IDENTIFIER = com.boxx.helper;
				SDKROOT = macosx;
				SKIP_INSTALL = YES;
			};
			name = Release;
		};
		BDE7D9BD17717E964E337ECE /* Release */ = {
			isa = XCBuildConfiguration;
			buildSettings = {
				BUNDLE_LOADER = "$(TEST_HOST)";
				COMBINE_HIDPI_IMAGES = YES;
				GENERATE_INFOPLIST_FILE = YES;
				LD_RUNPATH_SEARCH_PATHS = (
					"$(inherited)",
					"@executable_path/../Frameworks",
					"@loader_path/../Frameworks",
				);
				PRODUCT_BUNDLE_IDENTIFIER = com.boxx.tests;
				SDKROOT = macosx;
				TEST_HOST = "$(BUILT_PRODUCTS_DIR)/BoxX.app/Contents/MacOS/BoxX";
			};
			name = Release;
		};
/* End XCBuildConfiguration section */

/* Begin XCConfigurationList section */
		18DF7A99D8F92CF33A73B5AC /* Build configuration list for PBXNativeTarget "BoxX" */ = {
			isa = XCConfigurationList;
			buildConfigurations = (
				36D01FB9E751D4AD895CE80A /* Debug */,
				466125D8F83CCC25B9D30F28 /* Release */,
			);
			defaultConfigurationIsVisible = 0;
			defaultConfigurationName = Debug;
		};
		D8B00D1767AC43E64C5C458A /* Build configuration list for PBXProject "BoxX" */ = {
			isa = XCConfigurationList;
			buildConfigurations = (
				8B5206138E3F9ED9F756BA64 /* Debug */,
				33CF79EEC36A87F456A7126A /* Release */,
			);
			defaultConfigurationIsVisible = 0;
			defaultConfigurationName = Debug;
		};
		F132FF95354D36B5A1F526C4 /* Build configuration list for PBXNativeTarget "BoxXHelper" */ = {
			isa = XCConfigurationList;
			buildConfigurations = (
				4E4ED6BF9688622AA88D0274 /* Debug */,
				9AFB6C85F832591985368704 /* Release */,
			);
			defaultConfigurationIsVisible = 0;
			defaultConfigurationName = Debug;
		};
		F4C5F874FB273BC6DF50F012 /* Build configuration list for PBXNativeTarget "BoxXTests" */ = {
			isa = XCConfigurationList;
			buildConfigurations = (
				36C6A3AFCD06E451B56A2800 /* Debug */,
				BDE7D9BD17717E964E337ECE /* Release */,
			);
			defaultConfigurationIsVisible = 0;
			defaultConfigurationName = Debug;
		};
/* End XCConfigurationList section */
	};
	rootObject = 86708EBC0457A50D0A386ABA /* Project object */;
}
